<Project ToolsVersion="4.0" xmlns="http://schemas.microsoft.com/developer/msbuild/2003">
  <ItemGroup>
    <Filter Include="Source Files">
      <UniqueIdentifier>{4FC737F1-C7A5-4376-A066-2A32D752A2FF}</UniqueIdentifier>
      <Extensions>cpp;c;cc;cxx;def;odl;idl;hpj;bat;asm;asmx</Extensions>
    </Filter>
    <Filter Include="Header Files">
      <UniqueIdentifier>{93995380-89BD-4b04-88EB-625FBE52EBFB}</UniqueIdentifier>
      <Extensions>h;hpp;hxx;hm;inl;inc;xsd</Extensions>
    </Filter>
    <Filter Include="Resource Files">
      <UniqueIdentifier>{67DA6AB6-F800-4c08-8B7A-83BB121AAD01}</UniqueIdentifier>
      <Extensions>rc;ico;cur;bmp;dlg;rc2;rct;bin;rgs;gif;jpg;jpeg;jpe;resx;tiff;tif;png;wav;mfcribbon-ms</Extensions>
    </Filter>
    <Filter Include="Header Files\common">
      <UniqueIdentifier>{d9b0bb75-7f25-443b-8899-6b1a9e1dd63c}</UniqueIdentifier>
    </Filter>
    <Filter Include="Header Files\dlls">
      <UniqueIdentifier>{e3b69fef-bfa6-4270-8280-f2b25793ac4e}</UniqueIdentifier>
    </Filter>
    <Filter Include="Header Files\dlls\entities\alias">
      <UniqueIdentifier>{c51ed368-2cf6-42ef-9c9c-da28f2090456}</UniqueIdentifier>
    </Filter>
    <Filter Include="Header Files\dlls\entities\ambient">
      <UniqueIdentifier>{eebc4416-9784-4170-a5da-4ed2e07f7d67}</UniqueIdentifier>
    </Filter>
    <Filter Include="Header Files\dlls\entities\ammo">
      <UniqueIdentifier>{258fd788-9ed8-4943-984d-6190939bed8b}</UniqueIdentifier>
    </Filter>
    <Filter Include="Header Files\dlls\entities\button">
      <UniqueIdentifier>{6357a8cb-297d-41d3-9514-4206edc5b4c7}</UniqueIdentifier>
    </Filter>
    <Filter Include="Header Files\dlls\entities\calc">
      <UniqueIdentifier>{5090721e-6742-45f9-a7e4-58fe7d110c75}</UniqueIdentifier>
    </Filter>
    <Filter Include="Header Files\dlls\entities">
      <UniqueIdentifier>{a90484a4-d273-45c7-bca7-0f8322d5b029}</UniqueIdentifier>
    </Filter>
    <Filter Include="Header Files\dlls\entities\cycler">
      <UniqueIdentifier>{045f9cc7-b8a4-4fe5-b903-03cda043fa47}</UniqueIdentifier>
    </Filter>
    <Filter Include="Header Files\dlls\entities\env">
      <UniqueIdentifier>{7e20f65e-d28f-41e5-a30a-5a1506b2e658}</UniqueIdentifier>
    </Filter>
    <Filter Include="Header Files\dlls\entities\func">
      <UniqueIdentifier>{7a1b7e66-278d-42dd-bd26-4a514c4560cd}</UniqueIdentifier>
    </Filter>
    <Filter Include="Header Files\dlls\entities\game">
      <UniqueIdentifier>{100406f5-f346-4bfd-8d0b-eb7d1f82c1e8}</UniqueIdentifier>
    </Filter>
    <Filter Include="Header Files\dlls\entities\info">
      <UniqueIdentifier>{8d1093ab-b366-4b32-8203-ddc51162be43}</UniqueIdentifier>
    </Filter>
    <Filter Include="Header Files\dlls\entities\inout">
      <UniqueIdentifier>{3cc43e3d-575e-42cc-98ee-b5beacb6c718}</UniqueIdentifier>
    </Filter>
    <Filter Include="Header Files\dlls\entities\item">
      <UniqueIdentifier>{f5818904-c0cb-458d-b5ed-2ba894562aa8}</UniqueIdentifier>
    </Filter>
    <Filter Include="Header Files\dlls\entities\light">
      <UniqueIdentifier>{5c534868-8f23-44e5-9f5f-ccd310b403dd}</UniqueIdentifier>
    </Filter>
    <Filter Include="Header Files\dlls\entities\locus">
      <UniqueIdentifier>{43389d43-dace-4a08-88fe-6ae6ae374cfa}</UniqueIdentifier>
    </Filter>
    <Filter Include="Header Files\dlls\entities\momentary">
      <UniqueIdentifier>{1193187e-dcf3-4658-bd90-5c4fe83b2aa2}</UniqueIdentifier>
    </Filter>
    <Filter Include="Header Files\dlls\entities\monster">
      <UniqueIdentifier>{ca646b8e-98d9-4d2c-9dbd-cc94d0a2a326}</UniqueIdentifier>
    </Filter>
    <Filter Include="Header Files\dlls\entities\motion">
      <UniqueIdentifier>{167f8c43-e216-4c6d-8104-1c5ff44f4f01}</UniqueIdentifier>
    </Filter>
    <Filter Include="Header Files\dlls\entities\multi">
      <UniqueIdentifier>{08360301-1a08-46c5-85b8-fe3966a2ef6b}</UniqueIdentifier>
    </Filter>
    <Filter Include="Header Files\dlls\entities\path">
      <UniqueIdentifier>{f84a6eac-793a-4061-9e41-e2aec6038c94}</UniqueIdentifier>
    </Filter>
    <Filter Include="Header Files\dlls\entities\scripted">
      <UniqueIdentifier>{4826a3fc-a2fc-4f27-a778-b74d5cedcf26}</UniqueIdentifier>
    </Filter>
    <Filter Include="Header Files\dlls\entities\spark">
      <UniqueIdentifier>{994dcbfc-a238-4cbc-9328-8bd82ff1a716}</UniqueIdentifier>
    </Filter>
    <Filter Include="Header Files\dlls\entities\target">
      <UniqueIdentifier>{7d6926c2-6c1b-4c5b-9901-f1239f7259d1}</UniqueIdentifier>
    </Filter>
    <Filter Include="Header Files\dlls\entities\trigger">
      <UniqueIdentifier>{d8726501-4381-497c-af8f-6f9a2437adab}</UniqueIdentifier>
    </Filter>
    <Filter Include="Header Files\dlls\entities\watcher">
      <UniqueIdentifier>{7d8ce8c6-a247-4a6a-b2e4-27a18a58d487}</UniqueIdentifier>
    </Filter>
    <Filter Include="Header Files\dlls\entities\weapon">
      <UniqueIdentifier>{a2ab4143-8228-46e1-86b1-19bc6dc3e115}</UniqueIdentifier>
    </Filter>
    <Filter Include="Header Files\dlls\entities\xen">
      <UniqueIdentifier>{52b6eec0-e156-4fb6-8aac-7fbced72ea62}</UniqueIdentifier>
    </Filter>
    <Filter Include="Header Files\engine">
      <UniqueIdentifier>{b85e935a-5cc8-482d-b85f-6cdaa3452ccb}</UniqueIdentifier>
    </Filter>
    <Filter Include="Header Files\game_shared">
      <UniqueIdentifier>{ab296c57-2b16-4290-bcb3-8f2e7b5c3f08}</UniqueIdentifier>
    </Filter>
    <Filter Include="Header Files\pm_shared">
      <UniqueIdentifier>{37941113-16fa-4ce0-9bdd-a72a1ced8902}</UniqueIdentifier>
    </Filter>
    <Filter Include="Header Files\public">
      <UniqueIdentifier>{ccda2445-0302-44ae-a537-be89f5811329}</UniqueIdentifier>
    </Filter>
    <Filter Include="Source Files\common">
      <UniqueIdentifier>{42fd860c-8851-42ea-81e1-ffda08a6174d}</UniqueIdentifier>
    </Filter>
    <Filter Include="Source Files\dlls">
      <UniqueIdentifier>{a59f65b1-455f-459d-bc2a-75775255cd5c}</UniqueIdentifier>
    </Filter>
    <Filter Include="Source Files\dlls\entities\alias">
      <UniqueIdentifier>{1b6de3b1-e618-4d59-b8b4-c9a3d52a2cc8}</UniqueIdentifier>
    </Filter>
    <Filter Include="Source Files\dlls\entities\ambient">
      <UniqueIdentifier>{220f514d-832d-40bc-a9da-e57b1b20e43c}</UniqueIdentifier>
    </Filter>
    <Filter Include="Source Files\dlls\entities\ammo">
      <UniqueIdentifier>{c9a0696a-631a-4032-832a-684d335f55ba}</UniqueIdentifier>
    </Filter>
    <Filter Include="Source Files\dlls\entities\button">
      <UniqueIdentifier>{b03ed158-c0e3-46ea-8e32-3dbc5e4e93c1}</UniqueIdentifier>
    </Filter>
    <Filter Include="Source Files\dlls\entities\calc">
      <UniqueIdentifier>{4cb4ddb7-76c7-426d-b8e0-1928da56245b}</UniqueIdentifier>
    </Filter>
    <Filter Include="Source Files\dlls\entities">
      <UniqueIdentifier>{536f6da2-f7bc-4f92-843b-82b762cd6583}</UniqueIdentifier>
    </Filter>
    <Filter Include="Source Files\dlls\entities\cycler">
      <UniqueIdentifier>{a6bba849-7466-4ed7-be66-6fabb9464be4}</UniqueIdentifier>
    </Filter>
    <Filter Include="Source Files\dlls\entities\env">
      <UniqueIdentifier>{5f74be19-320f-401c-bf3d-b7122799ed1a}</UniqueIdentifier>
    </Filter>
    <Filter Include="Source Files\dlls\entities\func">
      <UniqueIdentifier>{c2fb4dca-c3ee-49fc-9c3b-30674088b489}</UniqueIdentifier>
    </Filter>
    <Filter Include="Source Files\dlls\entities\game">
      <UniqueIdentifier>{3614d01f-ad67-4515-b3b0-eee3d7e88a0c}</UniqueIdentifier>
    </Filter>
    <Filter Include="Source Files\dlls\entities\info">
      <UniqueIdentifier>{daeebe42-265b-445c-8945-9f680c9d7211}</UniqueIdentifier>
    </Filter>
    <Filter Include="Source Files\dlls\entities\inout">
      <UniqueIdentifier>{9c32a650-f9e1-4c34-b654-dc65f0eb60db}</UniqueIdentifier>
    </Filter>
    <Filter Include="Source Files\dlls\entities\item">
      <UniqueIdentifier>{40b51fc2-b53e-4a0f-a1de-9d5f77931605}</UniqueIdentifier>
    </Filter>
    <Filter Include="Source Files\dlls\entities\light">
      <UniqueIdentifier>{c708b7a5-2ac8-4ddb-894c-90f3c58619dc}</UniqueIdentifier>
    </Filter>
    <Filter Include="Source Files\dlls\entities\locus">
      <UniqueIdentifier>{386362a9-a5eb-481d-ab85-03e32818ed01}</UniqueIdentifier>
    </Filter>
    <Filter Include="Source Files\dlls\entities\momentary">
      <UniqueIdentifier>{062a67e7-708e-4704-b4d4-79f21bf3cc42}</UniqueIdentifier>
    </Filter>
    <Filter Include="Source Files\dlls\entities\monster">
      <UniqueIdentifier>{a94bfa4f-9779-496d-9fdf-2246dde36f89}</UniqueIdentifier>
    </Filter>
    <Filter Include="Source Files\dlls\entities\motion">
      <UniqueIdentifier>{0c14114c-902d-4667-a118-215d3e7cdbe1}</UniqueIdentifier>
    </Filter>
    <Filter Include="Source Files\dlls\entities\multi">
      <UniqueIdentifier>{9451eaa9-321e-4795-b6be-9484a8c0bb0a}</UniqueIdentifier>
    </Filter>
    <Filter Include="Source Files\dlls\entities\path">
      <UniqueIdentifier>{6c2fcc1e-7892-4179-b53d-4161caa45bce}</UniqueIdentifier>
    </Filter>
    <Filter Include="Source Files\dlls\entities\scripted">
      <UniqueIdentifier>{908fe6d6-1804-49ba-bc8c-0924bb3c79c7}</UniqueIdentifier>
    </Filter>
    <Filter Include="Source Files\dlls\entities\spark">
      <UniqueIdentifier>{97cc76ec-39fb-43f7-9151-d943eac70be9}</UniqueIdentifier>
    </Filter>
    <Filter Include="Source Files\dlls\entities\target">
      <UniqueIdentifier>{9247c997-1abf-4cce-ac8f-ad66f0a2d162}</UniqueIdentifier>
    </Filter>
    <Filter Include="Source Files\dlls\entities\trigger">
      <UniqueIdentifier>{d227792e-cce1-4798-9765-ec83e1b9c87c}</UniqueIdentifier>
    </Filter>
    <Filter Include="Source Files\dlls\entities\watcher">
      <UniqueIdentifier>{a9ba9abc-517b-42ce-a9b9-4bacc4a83b49}</UniqueIdentifier>
    </Filter>
    <Filter Include="Source Files\dlls\entities\weapon">
      <UniqueIdentifier>{6b03430d-d78e-4424-934d-c27e80bb95ca}</UniqueIdentifier>
    </Filter>
    <Filter Include="Source Files\dlls\entities\xen">
      <UniqueIdentifier>{a55abbd4-7e2f-4027-8716-6bdf168d5a0f}</UniqueIdentifier>
    </Filter>
    <Filter Include="Source Files\game_shared">
      <UniqueIdentifier>{9cd951c6-53c4-4c79-826f-13ac1af8a8b6}</UniqueIdentifier>
    </Filter>
    <Filter Include="Source Files\pm_shared">
      <UniqueIdentifier>{7f184267-1d16-4bbc-9212-a804fcd04e6a}</UniqueIdentifier>
    </Filter>
    <Filter Include="Source Files\public">
      <UniqueIdentifier>{540eec11-a239-4a81-9a06-40491b9bdde3}</UniqueIdentifier>
    </Filter>
  </ItemGroup>
  <ItemGroup>
    <ClCompile Include="..\..\common\mathlib.cpp">
      <Filter>Source Files\common</Filter>
    </ClCompile>
    <ClCompile Include="..\..\dlls\animation.cpp">
      <Filter>Source Files\dlls</Filter>
    </ClCompile>
    <ClCompile Include="..\..\dlls\bmodels.cpp">
      <Filter>Source Files\dlls</Filter>
    </ClCompile>
    <ClCompile Include="..\..\dlls\cbase.cpp">
      <Filter>Source Files\dlls</Filter>
    </ClCompile>
    <ClCompile Include="..\..\dlls\client.cpp">
      <Filter>Source Files\dlls</Filter>
    </ClCompile>
    <ClCompile Include="..\..\dlls\combat.cpp">
      <Filter>Source Files\dlls</Filter>
    </ClCompile>
    <ClCompile Include="..\..\dlls\defaultai.cpp">
      <Filter>Source Files\dlls</Filter>
    </ClCompile>
    <ClCompile Include="..\..\dlls\entities\alias\CBaseMutableAlias.cpp">
      <Filter>Source Files\dlls\entities\alias</Filter>
    </ClCompile>
    <ClCompile Include="..\..\dlls\entities\alias\CInfoAlias.cpp">
      <Filter>Source Files\dlls\entities\alias</Filter>
    </ClCompile>
    <ClCompile Include="..\..\dlls\entities\alias\CInfoGroup.cpp">
      <Filter>Source Files\dlls\entities\alias</Filter>
    </ClCompile>
    <ClCompile Include="..\..\dlls\entities\alias\CMultiAlias.cpp">
      <Filter>Source Files\dlls\entities\alias</Filter>
    </ClCompile>
    <ClCompile Include="..\..\dlls\entities\ambient\CAmbientGeneric.cpp">
      <Filter>Source Files\dlls\entities\ambient</Filter>
    </ClCompile>
    <ClCompile Include="..\..\dlls\entities\ambient\CTargetFMODAudio.cpp">
      <Filter>Source Files\dlls\entities\ambient</Filter>
    </ClCompile>
    <ClCompile Include="..\..\dlls\entities\ammo\CCrossbowAmmo.cpp">
      <Filter>Source Files\dlls\entities\ammo</Filter>
    </ClCompile>
    <ClCompile Include="..\..\dlls\entities\ammo\CEgonAmmo.cpp">
      <Filter>Source Files\dlls\entities\ammo</Filter>
    </ClCompile>
    <ClCompile Include="..\..\dlls\entities\ammo\CGaussAmmo.cpp">
      <Filter>Source Files\dlls\entities\ammo</Filter>
    </ClCompile>
    <ClCompile Include="..\..\dlls\entities\ammo\CGlockAmmo.cpp">
      <Filter>Source Files\dlls\entities\ammo</Filter>
    </ClCompile>
    <ClCompile Include="..\..\dlls\entities\ammo\CRpgAmmo.cpp">
      <Filter>Source Files\dlls\entities\ammo</Filter>
    </ClCompile>
    <ClCompile Include="..\..\dlls\entities\ammo\CShotgunAmmo.cpp">
      <Filter>Source Files\dlls\entities\ammo</Filter>
    </ClCompile>
    <ClCompile Include="..\..\dlls\entities\button\CButtonTarget.cpp">
      <Filter>Source Files\dlls\entities\button</Filter>
    </ClCompile>
    <ClCompile Include="..\..\dlls\entities\calc\CCalcAngles.cpp">
      <Filter>Source Files\dlls\entities\calc</Filter>
    </ClCompile>
    <ClCompile Include="..\..\dlls\entities\calc\CCalcFallback.cpp">
      <Filter>Source Files\dlls\entities\calc</Filter>
    </ClCompile>
    <ClCompile Include="..\..\dlls\entities\calc\CCalcFromCVar.cpp">
      <Filter>Source Files\dlls\entities\calc</Filter>
    </ClCompile>
    <ClCompile Include="..\..\dlls\entities\calc\CCalcNumFromEnt.cpp">
      <Filter>Source Files\dlls\entities\calc</Filter>
    </ClCompile>
    <ClCompile Include="..\..\dlls\entities\calc\CCalcNumFromNum.cpp">
      <Filter>Source Files\dlls\entities\calc</Filter>
    </ClCompile>
    <ClCompile Include="..\..\dlls\entities\calc\CCalcNumFromVec.cpp">
      <Filter>Source Files\dlls\entities\calc</Filter>
    </ClCompile>
    <ClCompile Include="..\..\dlls\entities\calc\CCalcPosition.cpp">
      <Filter>Source Files\dlls\entities\calc</Filter>
    </ClCompile>
    <ClCompile Include="..\..\dlls\entities\calc\CCalcSubVelocity.cpp">
      <Filter>Source Files\dlls\entities\calc</Filter>
    </ClCompile>
    <ClCompile Include="..\..\dlls\entities\calc\CCalcVelocityPath.cpp">
      <Filter>Source Files\dlls\entities\calc</Filter>
    </ClCompile>
    <ClCompile Include="..\..\dlls\entities\calc\CCalcVelocityPolar.cpp">
      <Filter>Source Files\dlls\entities\calc</Filter>
    </ClCompile>
    <ClCompile Include="..\..\dlls\entities\CBaseAnimating.cpp">
      <Filter>Source Files\dlls\entities</Filter>
    </ClCompile>
    <ClCompile Include="..\..\dlls\entities\CBaseDelay.cpp">
      <Filter>Source Files\dlls\entities</Filter>
    </ClCompile>
    <ClCompile Include="..\..\dlls\entities\CBaseEntity.cpp">
      <Filter>Source Files\dlls\entities</Filter>
    </ClCompile>
    <ClCompile Include="..\..\dlls\entities\CBaseMonster.cpp">
      <Filter>Source Files\dlls\entities</Filter>
    </ClCompile>
    <ClCompile Include="..\..\dlls\entities\CBaseToggle.cpp">
      <Filter>Source Files\dlls\entities</Filter>
    </ClCompile>
    <ClCompile Include="..\..\dlls\entities\CCorpse.cpp">
      <Filter>Source Files\dlls\entities</Filter>
    </ClCompile>
    <ClCompile Include="..\..\dlls\entities\CDecal.cpp">
      <Filter>Source Files\dlls\entities</Filter>
    </ClCompile>
    <ClCompile Include="..\..\dlls\entities\CPointEntity.cpp">
      <Filter>Source Files\dlls\entities</Filter>
    </ClCompile>
    <ClCompile Include="..\..\dlls\entities\CSpeaker.cpp">
      <Filter>Source Files\dlls\entities</Filter>
    </ClCompile>
    <ClCompile Include="..\..\dlls\entities\cycler\CCycler.cpp">
      <Filter>Source Files\dlls\entities\cycler</Filter>
    </ClCompile>
    <ClCompile Include="..\..\dlls\entities\cycler\CCyclerProbe.cpp">
      <Filter>Source Files\dlls\entities\cycler</Filter>
    </ClCompile>
    <ClCompile Include="..\..\dlls\entities\cycler\CCyclerSprite.cpp">
      <Filter>Source Files\dlls\entities\cycler</Filter>
    </ClCompile>
    <ClCompile Include="..\..\dlls\entities\cycler\CGenericCycler.cpp">
      <Filter>Source Files\dlls\entities\cycler</Filter>
    </ClCompile>
    <ClCompile Include="..\..\dlls\entities\cycler\CWeaponCycler.cpp">
      <Filter>Source Files\dlls\entities\cycler</Filter>
    </ClCompile>
    <ClCompile Include="..\..\dlls\entities\cycler\CWreckage.cpp">
      <Filter>Source Files\dlls\entities\cycler</Filter>
    </ClCompile>
    <ClCompile Include="..\..\dlls\entities\env\CBeam.cpp">
      <Filter>Source Files\dlls\entities\env</Filter>
    </ClCompile>
    <ClCompile Include="..\..\dlls\entities\env\CBlood.cpp">
      <Filter>Source Files\dlls\entities\env</Filter>
    </ClCompile>
    <ClCompile Include="..\..\dlls\entities\env\CBubbling.cpp">
      <Filter>Source Files\dlls\entities\env</Filter>
    </ClCompile>
    <ClCompile Include="..\..\dlls\entities\env\CEnvBeamTrail.cpp">
      <Filter>Source Files\dlls\entities\env</Filter>
    </ClCompile>
    <ClCompile Include="..\..\dlls\entities\env\CEnvBeverage.cpp">
      <Filter>Source Files\dlls\entities\env</Filter>
    </ClCompile>
    <ClCompile Include="..\..\dlls\entities\env\CEnvCustomize.cpp">
      <Filter>Source Files\dlls\entities\env</Filter>
    </ClCompile>
    <ClCompile Include="..\..\dlls\entities\env\CEnvDecal.cpp">
      <Filter>Source Files\dlls\entities\env</Filter>
    </ClCompile>
    <ClCompile Include="..\..\dlls\entities\env\CEnvDLight.cpp">
      <Filter>Source Files\dlls\entities\env</Filter>
    </ClCompile>
    <ClCompile Include="..\..\dlls\entities\env\CEnvELight.cpp">
      <Filter>Source Files\dlls\entities\env</Filter>
    </ClCompile>
    <ClCompile Include="..\..\dlls\entities\env\CEnvExplosion.cpp">
      <Filter>Source Files\dlls\entities\env</Filter>
    </ClCompile>
    <ClCompile Include="..\..\dlls\entities\env\CEnvFog.cpp">
      <Filter>Source Files\dlls\entities\env</Filter>
    </ClCompile>
    <ClCompile Include="..\..\dlls\entities\env\CEnvFootsteps.cpp">
      <Filter>Source Files\dlls\entities\env</Filter>
    </ClCompile>
    <ClCompile Include="..\..\dlls\entities\env\CEnvFunnel.cpp">
      <Filter>Source Files\dlls\entities\env</Filter>
    </ClCompile>
    <ClCompile Include="..\..\dlls\entities\env\CEnvGlobal.cpp">
      <Filter>Source Files\dlls\entities\env</Filter>
    </ClCompile>
    <ClCompile Include="..\..\dlls\entities\env\CEnvMirror.cpp">
      <Filter>Source Files\dlls\entities\env</Filter>
    </ClCompile>
    <ClCompile Include="..\..\dlls\entities\env\CEnvModel.cpp">
      <Filter>Source Files\dlls\entities\env</Filter>
    </ClCompile>
    <ClCompile Include="..\..\dlls\entities\env\CEnvQuakeFx.cpp">
      <Filter>Source Files\dlls\entities\env</Filter>
    </ClCompile>
    <ClCompile Include="..\..\dlls\entities\env\CEnvRain.cpp">
      <Filter>Source Files\dlls\entities\env</Filter>
    </ClCompile>
    <ClCompile Include="..\..\dlls\entities\env\CEnvShockwave.cpp">
      <Filter>Source Files\dlls\entities\env</Filter>
    </ClCompile>
    <ClCompile Include="..\..\dlls\entities\env\CEnvShooter.cpp">
      <Filter>Source Files\dlls\entities\env</Filter>
    </ClCompile>
    <ClCompile Include="..\..\dlls\entities\env\CEnvSky.cpp">
      <Filter>Source Files\dlls\entities\env</Filter>
    </ClCompile>
    <ClCompile Include="..\..\dlls\entities\env\CEnvSound.cpp">
      <Filter>Source Files\dlls\entities\env</Filter>
    </ClCompile>
    <ClCompile Include="..\..\dlls\entities\env\CEnvSpark.cpp">
      <Filter>Source Files\dlls\entities\env</Filter>
    </ClCompile>
    <ClCompile Include="..\..\dlls\entities\env\CEnvState.cpp">
      <Filter>Source Files\dlls\entities\env</Filter>
    </ClCompile>
    <ClCompile Include="..\..\dlls\entities\env\CEnvWarpBall.cpp">
      <Filter>Source Files\dlls\entities\env</Filter>
    </ClCompile>
    <ClCompile Include="..\..\dlls\entities\env\CFade.cpp">
      <Filter>Source Files\dlls\entities\env</Filter>
    </ClCompile>
    <ClCompile Include="..\..\dlls\entities\env\CGibShooter.cpp">
      <Filter>Source Files\dlls\entities\env</Filter>
    </ClCompile>
    <ClCompile Include="..\..\dlls\entities\env\CGlow.cpp">
      <Filter>Source Files\dlls\entities\env</Filter>
    </ClCompile>
    <ClCompile Include="..\..\dlls\entities\env\CLaser.cpp">
      <Filter>Source Files\dlls\entities\env</Filter>
    </ClCompile>
    <ClCompile Include="..\..\dlls\entities\env\CLightning.cpp">
      <Filter>Source Files\dlls\entities\env</Filter>
    </ClCompile>
    <ClCompile Include="..\..\dlls\entities\env\CMessage.cpp">
      <Filter>Source Files\dlls\entities\env</Filter>
    </ClCompile>
    <ClCompile Include="..\..\dlls\entities\env\CParticle.cpp">
      <Filter>Source Files\dlls\entities\env</Filter>
    </ClCompile>
    <ClCompile Include="..\..\dlls\entities\env\CRainModify.cpp">
      <Filter>Source Files\dlls\entities\env</Filter>
    </ClCompile>
    <ClCompile Include="..\..\dlls\entities\env\CRainSettings.cpp">
      <Filter>Source Files\dlls\entities\env</Filter>
    </ClCompile>
    <ClCompile Include="..\..\dlls\entities\env\CRenderFxManager.cpp">
      <Filter>Source Files\dlls\entities\env</Filter>
    </ClCompile>
    <ClCompile Include="..\..\dlls\entities\env\CShake.cpp">
      <Filter>Source Files\dlls\entities\env</Filter>
    </ClCompile>
    <ClCompile Include="..\..\dlls\entities\env\CSmoker.cpp">
      <Filter>Source Files\dlls\entities\env</Filter>
    </ClCompile>
    <ClCompile Include="..\..\dlls\entities\env\CSprite.cpp">
      <Filter>Source Files\dlls\entities\env</Filter>
    </ClCompile>
    <ClCompile Include="..\..\dlls\entities\func\CBaseButton.cpp">
      <Filter>Source Files\dlls\entities\func</Filter>
    </ClCompile>
    <ClCompile Include="..\..\dlls\entities\func\CBaseDoor.cpp">
      <Filter>Source Files\dlls\entities\func</Filter>
    </ClCompile>
    <ClCompile Include="..\..\dlls\entities\func\CBreakable.cpp">
      <Filter>Source Files\dlls\entities\func</Filter>
    </ClCompile>
    <ClCompile Include="..\..\dlls\entities\func\CFrictionModifier.cpp">
      <Filter>Source Files\dlls\entities\func</Filter>
    </ClCompile>
    <ClCompile Include="..\..\dlls\entities\func\CFuncConveyor.cpp">
      <Filter>Source Files\dlls\entities\func</Filter>
    </ClCompile>
    <ClCompile Include="..\..\dlls\entities\func\CFuncIllusionary.cpp">
      <Filter>Source Files\dlls\entities\func</Filter>
    </ClCompile>
    <ClCompile Include="..\..\dlls\entities\func\CFuncMonsterClip.cpp">
      <Filter>Source Files\dlls\entities\func</Filter>
    </ClCompile>
    <ClCompile Include="..\..\dlls\entities\func\CFuncMortarField.cpp">
      <Filter>Source Files\dlls\entities\func</Filter>
    </ClCompile>
    <ClCompile Include="..\..\dlls\entities\func\CFuncPlat.cpp">
      <Filter>Source Files\dlls\entities\func</Filter>
    </ClCompile>
    <ClCompile Include="..\..\dlls\entities\func\CFuncPlatRot.cpp">
      <Filter>Source Files\dlls\entities\func</Filter>
    </ClCompile>
    <ClCompile Include="..\..\dlls\entities\func\CFuncRotating.cpp">
      <Filter>Source Files\dlls\entities\func</Filter>
    </ClCompile>
    <ClCompile Include="..\..\dlls\entities\func\CFuncShine.cpp">
      <Filter>Source Files\dlls\entities\func</Filter>
    </ClCompile>
    <ClCompile Include="..\..\dlls\entities\func\CFuncTank.cpp">
      <Filter>Source Files\dlls\entities\func</Filter>
    </ClCompile>
    <ClCompile Include="..\..\dlls\entities\func\CFuncTankControls.cpp">
      <Filter>Source Files\dlls\entities\func</Filter>
    </ClCompile>
    <ClCompile Include="..\..\dlls\entities\func\CFuncTankGun.cpp">
      <Filter>Source Files\dlls\entities\func</Filter>
    </ClCompile>
    <ClCompile Include="..\..\dlls\entities\func\CFuncTankLaser.cpp">
      <Filter>Source Files\dlls\entities\func</Filter>
    </ClCompile>
    <ClCompile Include="..\..\dlls\entities\func\CFuncTankMortar.cpp">
      <Filter>Source Files\dlls\entities\func</Filter>
    </ClCompile>
    <ClCompile Include="..\..\dlls\entities\func\CFuncTankRocket.cpp">
      <Filter>Source Files\dlls\entities\func</Filter>
    </ClCompile>
    <ClCompile Include="..\..\dlls\entities\func\CFuncTrackAuto.cpp">
      <Filter>Source Files\dlls\entities\func</Filter>
    </ClCompile>
    <ClCompile Include="..\..\dlls\entities\func\CFuncTrackChange.cpp">
      <Filter>Source Files\dlls\entities\func</Filter>
    </ClCompile>
    <ClCompile Include="..\..\dlls\entities\func\CFuncTrain.cpp">
      <Filter>Source Files\dlls\entities\func</Filter>
    </ClCompile>
    <ClCompile Include="..\..\dlls\entities\func\CFuncTrainControls.cpp">
      <Filter>Source Files\dlls\entities\func</Filter>
    </ClCompile>
    <ClCompile Include="..\..\dlls\entities\func\CFuncWall.cpp">
      <Filter>Source Files\dlls\entities\func</Filter>
    </ClCompile>
    <ClCompile Include="..\..\dlls\entities\func\CFuncWallToggle.cpp">
      <Filter>Source Files\dlls\entities\func</Filter>
    </ClCompile>
    <ClCompile Include="..\..\dlls\entities\func\CGunTarget.cpp">
      <Filter>Source Files\dlls\entities\func</Filter>
    </ClCompile>
    <ClCompile Include="..\..\dlls\entities\func\CLadder.cpp">
      <Filter>Source Files\dlls\entities\func</Filter>
    </ClCompile>
    <ClCompile Include="..\..\dlls\entities\func\CPendulum.cpp">
      <Filter>Source Files\dlls\entities\func</Filter>
    </ClCompile>
    <ClCompile Include="..\..\dlls\entities\func\CPushable.cpp">
      <Filter>Source Files\dlls\entities\func</Filter>
    </ClCompile>
    <ClCompile Include="..\..\dlls\entities\func\CRecharge.cpp">
      <Filter>Source Files\dlls\entities\func</Filter>
    </ClCompile>
    <ClCompile Include="..\..\dlls\entities\func\CRotButton.cpp">
      <Filter>Source Files\dlls\entities\func</Filter>
    </ClCompile>
    <ClCompile Include="..\..\dlls\entities\func\CRotDoor.cpp">
      <Filter>Source Files\dlls\entities\func</Filter>
    </ClCompile>
    <ClCompile Include="..\..\dlls\entities\func\CWallHealth.cpp">
      <Filter>Source Files\dlls\entities\func</Filter>
    </ClCompile>
    <ClCompile Include="..\..\dlls\entities\game\CGameCounter.cpp">
      <Filter>Source Files\dlls\entities\game</Filter>
    </ClCompile>
    <ClCompile Include="..\..\dlls\entities\game\CGameCounterSet.cpp">
      <Filter>Source Files\dlls\entities\game</Filter>
    </ClCompile>
    <ClCompile Include="..\..\dlls\entities\game\CGameEnd.cpp">
      <Filter>Source Files\dlls\entities\game</Filter>
    </ClCompile>
    <ClCompile Include="..\..\dlls\entities\game\CGamePlayerEquip.cpp">
      <Filter>Source Files\dlls\entities\game</Filter>
    </ClCompile>
    <ClCompile Include="..\..\dlls\entities\game\CGamePlayerHurt.cpp">
      <Filter>Source Files\dlls\entities\game</Filter>
    </ClCompile>
    <ClCompile Include="..\..\dlls\entities\game\CGamePlayerTeam.cpp">
      <Filter>Source Files\dlls\entities\game</Filter>
    </ClCompile>
    <ClCompile Include="..\..\dlls\entities\game\CGamePlayerZone.cpp">
      <Filter>Source Files\dlls\entities\game</Filter>
    </ClCompile>
    <ClCompile Include="..\..\dlls\entities\game\CGameScore.cpp">
      <Filter>Source Files\dlls\entities\game</Filter>
    </ClCompile>
    <ClCompile Include="..\..\dlls\entities\game\CGameTeamMaster.cpp">
      <Filter>Source Files\dlls\entities\game</Filter>
    </ClCompile>
    <ClCompile Include="..\..\dlls\entities\game\CGameTeamSet.cpp">
      <Filter>Source Files\dlls\entities\game</Filter>
    </ClCompile>
    <ClCompile Include="..\..\dlls\entities\game\CGameText.cpp">
      <Filter>Source Files\dlls\entities\game</Filter>
    </ClCompile>
    <ClCompile Include="..\..\dlls\entities\game\CRuleBrushEntity.cpp">
      <Filter>Source Files\dlls\entities\game</Filter>
    </ClCompile>
    <ClCompile Include="..\..\dlls\entities\game\CRuleEntity.cpp">
      <Filter>Source Files\dlls\entities\game</Filter>
    </ClCompile>
    <ClCompile Include="..\..\dlls\entities\game\CRulePointEntity.cpp">
      <Filter>Source Files\dlls\entities\game</Filter>
    </ClCompile>
    <ClCompile Include="..\..\dlls\entities\info\CBaseDMStart.cpp">
      <Filter>Source Files\dlls\entities\info</Filter>
    </ClCompile>
    <ClCompile Include="..\..\dlls\entities\info\CInfoBM.cpp">
      <Filter>Source Files\dlls\entities\info</Filter>
    </ClCompile>
    <ClCompile Include="..\..\dlls\entities\info\CInfoMoveWith.cpp">
      <Filter>Source Files\dlls\entities\info</Filter>
    </ClCompile>
    <ClCompile Include="..\..\dlls\entities\info\CInfoTarget.cpp">
      <Filter>Source Files\dlls\entities\info</Filter>
    </ClCompile>
    <ClCompile Include="..\..\dlls\entities\info\CNullEntity.cpp">
      <Filter>Source Files\dlls\entities\info</Filter>
    </ClCompile>
    <ClCompile Include="..\..\dlls\entities\inout\CInOutRegister.cpp">
      <Filter>Source Files\dlls\entities\inout</Filter>
    </ClCompile>
    <ClCompile Include="..\..\dlls\entities\item\CAirtank.cpp">
      <Filter>Source Files\dlls\entities\item</Filter>
    </ClCompile>
    <ClCompile Include="..\..\dlls\entities\item\CHealthKit.cpp">
      <Filter>Source Files\dlls\entities\item</Filter>
    </ClCompile>
    <ClCompile Include="..\..\dlls\entities\item\CItem.cpp">
      <Filter>Source Files\dlls\entities\item</Filter>
    </ClCompile>
    <ClCompile Include="..\..\dlls\entities\item\CItemAntidote.cpp">
      <Filter>Source Files\dlls\entities\item</Filter>
    </ClCompile>
    <ClCompile Include="..\..\dlls\entities\item\CItemAntiRad.cpp">
      <Filter>Source Files\dlls\entities\item</Filter>
    </ClCompile>
    <ClCompile Include="..\..\dlls\entities\item\CItemBattery.cpp">
      <Filter>Source Files\dlls\entities\item</Filter>
    </ClCompile>
    <ClCompile Include="..\..\dlls\entities\item\CItemCamera.cpp">
      <Filter>Source Files\dlls\entities\item</Filter>
    </ClCompile>
    <ClCompile Include="..\..\dlls\entities\item\CItemFlare.cpp">
      <Filter>Source Files\dlls\entities\item</Filter>
    </ClCompile>
    <ClCompile Include="..\..\dlls\entities\item\CItemLongJump.cpp">
      <Filter>Source Files\dlls\entities\item</Filter>
    </ClCompile>
    <ClCompile Include="..\..\dlls\entities\item\CItemMedicalKit.cpp">
      <Filter>Source Files\dlls\entities\item</Filter>
    </ClCompile>
    <ClCompile Include="..\..\dlls\entities\item\CItemSecurity.cpp">
      <Filter>Source Files\dlls\entities\item</Filter>
    </ClCompile>
    <ClCompile Include="..\..\dlls\entities\item\CItemSoda.cpp">
      <Filter>Source Files\dlls\entities\item</Filter>
    </ClCompile>
    <ClCompile Include="..\..\dlls\entities\item\CItemSuit.cpp">
      <Filter>Source Files\dlls\entities\item</Filter>
    </ClCompile>
    <ClCompile Include="..\..\dlls\entities\item\CWorldItem.cpp">
      <Filter>Source Files\dlls\entities\item</Filter>
    </ClCompile>
    <ClCompile Include="..\..\dlls\entities\light\CEnvLight.cpp">
      <Filter>Source Files\dlls\entities\light</Filter>
    </ClCompile>
    <ClCompile Include="..\..\dlls\entities\light\CLight.cpp">
      <Filter>Source Files\dlls\entities\light</Filter>
    </ClCompile>
    <ClCompile Include="..\..\dlls\entities\light\CLightDynamic.cpp">
      <Filter>Source Files\dlls\entities\light</Filter>
    </ClCompile>
    <ClCompile Include="..\..\dlls\entities\light\CLightFader.cpp">
      <Filter>Source Files\dlls\entities\light</Filter>
    </ClCompile>
    <ClCompile Include="..\..\dlls\entities\locus\CLocusAlias.cpp">
      <Filter>Source Files\dlls\entities\locus</Filter>
    </ClCompile>
    <ClCompile Include="..\..\dlls\entities\locus\CLocusBeam.cpp">
      <Filter>Source Files\dlls\entities\locus</Filter>
    </ClCompile>
    <ClCompile Include="..\..\dlls\entities\locus\CLocusVariable.cpp">
      <Filter>Source Files\dlls\entities\locus</Filter>
    </ClCompile>
    <ClCompile Include="..\..\dlls\entities\momentary\CMomentaryDoor.cpp">
      <Filter>Source Files\dlls\entities\momentary</Filter>
    </ClCompile>
    <ClCompile Include="..\..\dlls\entities\momentary\CMomentaryRotButton.cpp">
      <Filter>Source Files\dlls\entities\momentary</Filter>
    </ClCompile>
    <ClCompile Include="..\..\dlls\entities\monster\CAGrunt.cpp">
      <Filter>Source Files\dlls\entities\monster</Filter>
    </ClCompile>
    <ClCompile Include="..\..\dlls\entities\monster\CApache.cpp">
      <Filter>Source Files\dlls\entities\monster</Filter>
    </ClCompile>
    <ClCompile Include="..\..\dlls\entities\monster\CBabyCrab.cpp">
      <Filter>Source Files\dlls\entities\monster</Filter>
    </ClCompile>
    <ClCompile Include="..\..\dlls\entities\monster\CBarnacle.cpp">
      <Filter>Source Files\dlls\entities\monster</Filter>
    </ClCompile>
    <ClCompile Include="..\..\dlls\entities\monster\CBarney.cpp">
      <Filter>Source Files\dlls\entities\monster</Filter>
    </ClCompile>
    <ClCompile Include="..\..\dlls\entities\monster\CBaseTurret.cpp">
      <Filter>Source Files\dlls\entities\monster</Filter>
    </ClCompile>
    <ClCompile Include="..\..\dlls\entities\monster\CBigMomma.cpp">
      <Filter>Source Files\dlls\entities\monster</Filter>
    </ClCompile>
    <ClCompile Include="..\..\dlls\entities\monster\CBloater.cpp">
      <Filter>Source Files\dlls\entities\monster</Filter>
    </ClCompile>
    <ClCompile Include="..\..\dlls\entities\monster\CBullsquid.cpp">
      <Filter>Source Files\dlls\entities\monster</Filter>
    </ClCompile>
    <ClCompile Include="..\..\dlls\entities\monster\CController.cpp">
      <Filter>Source Files\dlls\entities\monster</Filter>
    </ClCompile>
    <ClCompile Include="..\..\dlls\entities\monster\CFlockingFlyer.cpp">
      <Filter>Source Files\dlls\entities\monster</Filter>
    </ClCompile>
    <ClCompile Include="..\..\dlls\entities\monster\CFlockingFlyerFlock.cpp">
      <Filter>Source Files\dlls\entities\monster</Filter>
    </ClCompile>
    <ClCompile Include="..\..\dlls\entities\monster\CFlyingMonster.cpp">
      <Filter>Source Files\dlls\entities\monster</Filter>
    </ClCompile>
    <ClCompile Include="..\..\dlls\entities\monster\CFurniture.cpp">
      <Filter>Source Files\dlls\entities\monster</Filter>
    </ClCompile>
    <ClCompile Include="..\..\dlls\entities\monster\CGargantua.cpp">
      <Filter>Source Files\dlls\entities\monster</Filter>
    </ClCompile>
    <ClCompile Include="..\..\dlls\entities\monster\CGenericMonster.cpp">
      <Filter>Source Files\dlls\entities\monster</Filter>
    </ClCompile>
    <ClCompile Include="..\..\dlls\entities\monster\CGMan.cpp">
      <Filter>Source Files\dlls\entities\monster</Filter>
    </ClCompile>
    <ClCompile Include="..\..\dlls\entities\monster\CHAssassin.cpp">
      <Filter>Source Files\dlls\entities\monster</Filter>
    </ClCompile>
    <ClCompile Include="..\..\dlls\entities\monster\CHeadCrab.cpp">
      <Filter>Source Files\dlls\entities\monster</Filter>
    </ClCompile>
    <ClCompile Include="..\..\dlls\entities\monster\CHGrunt.cpp">
      <Filter>Source Files\dlls\entities\monster</Filter>
    </ClCompile>
    <ClCompile Include="..\..\dlls\entities\monster\CHornet.cpp">
      <Filter>Source Files\dlls\entities\monster</Filter>
    </ClCompile>
    <ClCompile Include="..\..\dlls\entities\monster\CHoundeye.cpp">
      <Filter>Source Files\dlls\entities\monster</Filter>
    </ClCompile>
    <ClCompile Include="..\..\dlls\entities\monster\CIchthyosaur.cpp">
      <Filter>Source Files\dlls\entities\monster</Filter>
    </ClCompile>
    <ClCompile Include="..\..\dlls\entities\monster\CISlave.cpp">
      <Filter>Source Files\dlls\entities\monster</Filter>
    </ClCompile>
    <ClCompile Include="..\..\dlls\entities\monster\CLeech.cpp">
      <Filter>Source Files\dlls\entities\monster</Filter>
    </ClCompile>
    <ClCompile Include="..\..\dlls\entities\monster\CMiniTurret.cpp">
      <Filter>Source Files\dlls\entities\monster</Filter>
    </ClCompile>
    <ClCompile Include="..\..\dlls\entities\monster\CMonsterMaker.cpp">
      <Filter>Source Files\dlls\entities\monster</Filter>
    </ClCompile>
    <ClCompile Include="..\..\dlls\entities\monster\CMonsterTarget.cpp">
      <Filter>Source Files\dlls\entities\monster</Filter>
    </ClCompile>
    <ClCompile Include="..\..\dlls\entities\monster\CMortar.cpp">
      <Filter>Source Files\dlls\entities\monster</Filter>
    </ClCompile>
    <ClCompile Include="..\..\dlls\entities\monster\CNihilanth.cpp">
      <Filter>Source Files\dlls\entities\monster</Filter>
    </ClCompile>
    <ClCompile Include="..\..\dlls\entities\monster\COsprey.cpp">
      <Filter>Source Files\dlls\entities\monster</Filter>
    </ClCompile>
    <ClCompile Include="..\..\dlls\entities\monster\CRat.cpp">
      <Filter>Source Files\dlls\entities\monster</Filter>
    </ClCompile>
    <ClCompile Include="..\..\dlls\entities\monster\CRoach.cpp">
      <Filter>Source Files\dlls\entities\monster</Filter>
    </ClCompile>
    <ClCompile Include="..\..\dlls\entities\monster\CSatchelCharge.cpp">
      <Filter>Source Files\dlls\entities\monster</Filter>
    </ClCompile>
    <ClCompile Include="..\..\dlls\entities\monster\CScientist.cpp">
      <Filter>Source Files\dlls\entities\monster</Filter>
    </ClCompile>
    <ClCompile Include="..\..\dlls\entities\monster\CSentry.cpp">
      <Filter>Source Files\dlls\entities\monster</Filter>
    </ClCompile>
    <ClCompile Include="..\..\dlls\entities\monster\CSquadMonster.cpp">
      <Filter>Source Files\dlls\entities\monster</Filter>
    </ClCompile>
    <ClCompile Include="..\..\dlls\entities\monster\CSqueakGrenade.cpp">
      <Filter>Source Files\dlls\entities\monster</Filter>
    </ClCompile>
    <ClCompile Include="..\..\dlls\entities\monster\CSquidSpit.cpp">
      <Filter>Source Files\dlls\entities\monster</Filter>
    </ClCompile>
    <ClCompile Include="..\..\dlls\entities\monster\CTalkMonster.cpp">
      <Filter>Source Files\dlls\entities\monster</Filter>
    </ClCompile>
    <ClCompile Include="..\..\dlls\entities\monster\CTentacle.cpp">
      <Filter>Source Files\dlls\entities\monster</Filter>
    </ClCompile>
    <ClCompile Include="..\..\dlls\entities\monster\CTripmineGrenade.cpp">
      <Filter>Source Files\dlls\entities\monster</Filter>
    </ClCompile>
    <ClCompile Include="..\..\dlls\entities\monster\CTurret.cpp">
      <Filter>Source Files\dlls\entities\monster</Filter>
    </ClCompile>
    <ClCompile Include="..\..\dlls\entities\monster\CZombie.cpp">
      <Filter>Source Files\dlls\entities\monster</Filter>
    </ClCompile>
    <ClCompile Include="..\..\dlls\entities\motion\CMotionManager.cpp">
      <Filter>Source Files\dlls\entities\motion</Filter>
    </ClCompile>
    <ClCompile Include="..\..\dlls\entities\multi\CMultiManager.cpp">
      <Filter>Source Files\dlls\entities\multi</Filter>
    </ClCompile>
    <ClCompile Include="..\..\dlls\entities\multi\CMultisource.cpp">
      <Filter>Source Files\dlls\entities\multi</Filter>
    </ClCompile>
    <ClCompile Include="..\..\dlls\entities\path\CPathCorner.cpp">
      <Filter>Source Files\dlls\entities\path</Filter>
    </ClCompile>
    <ClCompile Include="..\..\dlls\entities\path\CPathTrack.cpp">
      <Filter>Source Files\dlls\entities\path</Filter>
    </ClCompile>
    <ClCompile Include="..\..\dlls\entities\scripted\CScriptedSentence.cpp">
      <Filter>Source Files\dlls\entities\scripted</Filter>
    </ClCompile>
    <ClCompile Include="..\..\dlls\entities\scripted\CTankSequence.cpp">
      <Filter>Source Files\dlls\entities\scripted</Filter>
    </ClCompile>
    <ClCompile Include="..\..\dlls\entities\scripted\CTrainSequence.cpp">
      <Filter>Source Files\dlls\entities\scripted</Filter>
    </ClCompile>
    <ClCompile Include="..\..\dlls\entities\spark\CShower.cpp">
      <Filter>Source Files\dlls\entities\spark</Filter>
    </ClCompile>
    <ClCompile Include="..\..\dlls\entities\target\CTargetCDAudio.cpp">
      <Filter>Source Files\dlls\entities\target</Filter>
    </ClCompile>
    <ClCompile Include="..\..\dlls\entities\trigger\CAutoTrigger.cpp">
      <Filter>Source Files\dlls\entities\trigger</Filter>
    </ClCompile>
    <ClCompile Include="..\..\dlls\entities\trigger\CBaseTrigger.cpp">
      <Filter>Source Files\dlls\entities\trigger</Filter>
    </ClCompile>
    <ClCompile Include="..\..\dlls\entities\trigger\CChangeLevel.cpp">
      <Filter>Source Files\dlls\entities\trigger</Filter>
    </ClCompile>
    <ClCompile Include="..\..\dlls\entities\trigger\CFireAndDie.cpp">
      <Filter>Source Files\dlls\entities\trigger</Filter>
    </ClCompile>
    <ClCompile Include="..\..\dlls\entities\trigger\CTriggerBounce.cpp">
      <Filter>Source Files\dlls\entities\trigger</Filter>
    </ClCompile>
    <ClCompile Include="..\..\dlls\entities\trigger\CTriggerCamera.cpp">
      <Filter>Source Files\dlls\entities\trigger</Filter>
    </ClCompile>
    <ClCompile Include="..\..\dlls\entities\trigger\CTriggerCDAudio.cpp">
      <Filter>Source Files\dlls\entities\trigger</Filter>
    </ClCompile>
    <ClCompile Include="..\..\dlls\entities\trigger\CTriggerChangeAlias.cpp">
      <Filter>Source Files\dlls\entities\trigger</Filter>
    </ClCompile>
    <ClCompile Include="..\..\dlls\entities\trigger\CTriggerChangeCVar.cpp">
      <Filter>Source Files\dlls\entities\trigger</Filter>
    </ClCompile>
    <ClCompile Include="..\..\dlls\entities\trigger\CTriggerChangeTarget.cpp">
      <Filter>Source Files\dlls\entities\trigger</Filter>
    </ClCompile>
    <ClCompile Include="..\..\dlls\entities\trigger\CTriggerChangeValue.cpp">
      <Filter>Source Files\dlls\entities\trigger</Filter>
    </ClCompile>
    <ClCompile Include="..\..\dlls\entities\trigger\CTriggerCommand.cpp">
      <Filter>Source Files\dlls\entities\trigger</Filter>
    </ClCompile>
    <ClCompile Include="..\..\dlls\entities\trigger\CTriggerCounter.cpp">
      <Filter>Source Files\dlls\entities\trigger</Filter>
    </ClCompile>
    <ClCompile Include="..\..\dlls\entities\trigger\CTriggerEndSection.cpp">
      <Filter>Source Files\dlls\entities\trigger</Filter>
    </ClCompile>
    <ClCompile Include="..\..\dlls\entities\trigger\CTriggerGravity.cpp">
      <Filter>Source Files\dlls\entities\trigger</Filter>
    </ClCompile>
    <ClCompile Include="..\..\dlls\entities\trigger\CTriggerHevCharge.cpp">
      <Filter>Source Files\dlls\entities\trigger</Filter>
    </ClCompile>
    <ClCompile Include="..\..\dlls\entities\trigger\CTriggerHurt.cpp">
      <Filter>Source Files\dlls\entities\trigger</Filter>
    </ClCompile>
    <ClCompile Include="..\..\dlls\entities\trigger\CTriggerInOut.cpp">
      <Filter>Source Files\dlls\entities\trigger</Filter>
    </ClCompile>
    <ClCompile Include="..\..\dlls\entities\trigger\CTriggerLightstyle.cpp">
      <Filter>Source Files\dlls\entities\trigger</Filter>
    </ClCompile>
    <ClCompile Include="..\..\dlls\entities\trigger\CTriggerMonsterJump.cpp">
      <Filter>Source Files\dlls\entities\trigger</Filter>
    </ClCompile>
    <ClCompile Include="..\..\dlls\entities\trigger\CTriggerMotion.cpp">
      <Filter>Source Files\dlls\entities\trigger</Filter>
    </ClCompile>
    <ClCompile Include="..\..\dlls\entities\trigger\CTriggerMultiple.cpp">
      <Filter>Source Files\dlls\entities\trigger</Filter>
    </ClCompile>
    <ClCompile Include="..\..\dlls\entities\trigger\CTriggerOnce.cpp">
      <Filter>Source Files\dlls\entities\trigger</Filter>
    </ClCompile>
    <ClCompile Include="..\..\dlls\entities\trigger\CTriggerOnSight.cpp">
      <Filter>Source Files\dlls\entities\trigger</Filter>
    </ClCompile>
    <ClCompile Include="..\..\dlls\entities\trigger\CTriggerPush.cpp">
      <Filter>Source Files\dlls\entities\trigger</Filter>
    </ClCompile>
    <ClCompile Include="..\..\dlls\entities\trigger\CTriggerRelay.cpp">
      <Filter>Source Files\dlls\entities\trigger</Filter>
    </ClCompile>
    <ClCompile Include="..\..\dlls\entities\trigger\CTriggerSave.cpp">
      <Filter>Source Files\dlls\entities\trigger</Filter>
    </ClCompile>
    <ClCompile Include="..\..\dlls\entities\trigger\CTriggerSetPatrol.cpp">
      <Filter>Source Files\dlls\entities\trigger</Filter>
    </ClCompile>
    <ClCompile Include="..\..\dlls\entities\trigger\CTriggerSound.cpp">
      <Filter>Source Files\dlls\entities\trigger</Filter>
    </ClCompile>
    <ClCompile Include="..\..\dlls\entities\trigger\CTriggerTeleport.cpp">
      <Filter>Source Files\dlls\entities\trigger</Filter>
    </ClCompile>
    <ClCompile Include="..\..\dlls\entities\trigger\CTriggerVolume.cpp">
      <Filter>Source Files\dlls\entities\trigger</Filter>
    </ClCompile>
    <ClCompile Include="..\..\dlls\entities\watcher\CStateWatcher.cpp">
      <Filter>Source Files\dlls\entities\watcher</Filter>
    </ClCompile>
    <ClCompile Include="..\..\dlls\entities\watcher\CWatcherCount.cpp">
      <Filter>Source Files\dlls\entities\watcher</Filter>
    </ClCompile>
    <ClCompile Include="..\..\dlls\entities\watcher\CWatcherRatio.cpp">
      <Filter>Source Files\dlls\entities\watcher</Filter>
    </ClCompile>
    <ClCompile Include="..\..\dlls\entities\weapon\CBasePlayerAmmo.cpp">
      <Filter>Source Files\dlls\entities\weapon</Filter>
    </ClCompile>
    <ClCompile Include="..\..\dlls\entities\weapon\CBasePlayerItem.cpp">
      <Filter>Source Files\dlls\entities\weapon</Filter>
    </ClCompile>
    <ClCompile Include="..\..\dlls\entities\weapon\CBasePlayerWeapon.cpp">
      <Filter>Source Files\dlls\entities\weapon</Filter>
    </ClCompile>
    <ClCompile Include="..\..\dlls\entities\weapon\CCrossbow.cpp">
      <Filter>Source Files\dlls\entities\weapon</Filter>
    </ClCompile>
    <ClCompile Include="..\..\dlls\entities\weapon\CCrossbowBolt.cpp">
      <Filter>Source Files\dlls\entities\weapon</Filter>
    </ClCompile>
    <ClCompile Include="..\..\dlls\entities\weapon\CCrowbar.cpp">
      <Filter>Source Files\dlls\entities\weapon</Filter>
    </ClCompile>
    <ClCompile Include="..\..\dlls\entities\weapon\CDebugger.cpp">
      <Filter>Source Files\dlls\entities\weapon</Filter>
    </ClCompile>
    <ClCompile Include="..\..\dlls\entities\weapon\CEgon.cpp">
      <Filter>Source Files\dlls\entities\weapon</Filter>
    </ClCompile>
    <ClCompile Include="..\..\dlls\entities\weapon\CGauss.cpp">
      <Filter>Source Files\dlls\entities\weapon</Filter>
    </ClCompile>
    <ClCompile Include="..\..\dlls\entities\weapon\CGlock.cpp">
      <Filter>Source Files\dlls\entities\weapon</Filter>
    </ClCompile>
    <ClCompile Include="..\..\dlls\entities\weapon\CGrenade.cpp">
      <Filter>Source Files\dlls\entities\weapon</Filter>
    </ClCompile>
    <ClCompile Include="..\..\dlls\entities\weapon\CHandGrenade.cpp">
      <Filter>Source Files\dlls\entities\weapon</Filter>
    </ClCompile>
    <ClCompile Include="..\..\dlls\entities\weapon\CHgun.cpp">
      <Filter>Source Files\dlls\entities\weapon</Filter>
    </ClCompile>
    <ClCompile Include="..\..\dlls\entities\weapon\CLaserSpot.cpp">
      <Filter>Source Files\dlls\entities\weapon</Filter>
    </ClCompile>
    <ClCompile Include="..\..\dlls\entities\weapon\CMP5.cpp">
      <Filter>Source Files\dlls\entities\weapon</Filter>
    </ClCompile>
    <ClCompile Include="..\..\dlls\entities\weapon\CPython.cpp">
      <Filter>Source Files\dlls\entities\weapon</Filter>
    </ClCompile>
    <ClCompile Include="..\..\dlls\entities\weapon\CRpg.cpp">
      <Filter>Source Files\dlls\entities\weapon</Filter>
    </ClCompile>
    <ClCompile Include="..\..\dlls\entities\weapon\CRpgRocket.cpp">
      <Filter>Source Files\dlls\entities\weapon</Filter>
    </ClCompile>
    <ClCompile Include="..\..\dlls\entities\weapon\CSatchel.cpp">
      <Filter>Source Files\dlls\entities\weapon</Filter>
    </ClCompile>
    <ClCompile Include="..\..\dlls\entities\weapon\CShotgun.cpp">
      <Filter>Source Files\dlls\entities\weapon</Filter>
    </ClCompile>
    <ClCompile Include="..\..\dlls\entities\weapon\CSqueak.cpp">
      <Filter>Source Files\dlls\entities\weapon</Filter>
    </ClCompile>
    <ClCompile Include="..\..\dlls\entities\weapon\CTripmine.cpp">
      <Filter>Source Files\dlls\entities\weapon</Filter>
    </ClCompile>
    <ClCompile Include="..\..\dlls\entities\weapon\CWeaponBox.cpp">
      <Filter>Source Files\dlls\entities\weapon</Filter>
    </ClCompile>
    <ClCompile Include="..\..\dlls\entities\xen\CXenHair.cpp">
      <Filter>Source Files\dlls\entities\xen</Filter>
    </ClCompile>
    <ClCompile Include="..\..\dlls\entities\xen\CXenHull.cpp">
      <Filter>Source Files\dlls\entities\xen</Filter>
    </ClCompile>
    <ClCompile Include="..\..\dlls\entities\xen\CXenPLight.cpp">
      <Filter>Source Files\dlls\entities\xen</Filter>
    </ClCompile>
    <ClCompile Include="..\..\dlls\entities\xen\CXenSporeLarge.cpp">
      <Filter>Source Files\dlls\entities\xen</Filter>
    </ClCompile>
    <ClCompile Include="..\..\dlls\entities\xen\CXenSporeMed.cpp">
      <Filter>Source Files\dlls\entities\xen</Filter>
    </ClCompile>
    <ClCompile Include="..\..\dlls\entities\xen\CXenSporeSmall.cpp">
      <Filter>Source Files\dlls\entities\xen</Filter>
    </ClCompile>
    <ClCompile Include="..\..\dlls\entities\xen\CXenTree.cpp">
      <Filter>Source Files\dlls\entities\xen</Filter>
    </ClCompile>
    <ClCompile Include="..\..\dlls\entities\xen\CXenTreeTrigger.cpp">
      <Filter>Source Files\dlls\entities\xen</Filter>
    </ClCompile>
    <ClCompile Include="..\..\dlls\game.cpp">
      <Filter>Source Files\dlls</Filter>
    </ClCompile>
    <ClCompile Include="..\..\dlls\gamerules.cpp">
      <Filter>Source Files\dlls</Filter>
    </ClCompile>
    <ClCompile Include="..\..\dlls\h_ai.cpp">
      <Filter>Source Files\dlls</Filter>
    </ClCompile>
    <ClCompile Include="..\..\dlls\h_export.cpp">
      <Filter>Source Files\dlls</Filter>
    </ClCompile>
    <ClCompile Include="..\..\dlls\items.cpp">
      <Filter>Source Files\dlls</Filter>
    </ClCompile>
    <ClCompile Include="..\..\dlls\lights.cpp">
      <Filter>Source Files\dlls</Filter>
    </ClCompile>
    <ClCompile Include="..\..\dlls\locus.cpp">
      <Filter>Source Files\dlls</Filter>
    </ClCompile>
    <ClCompile Include="..\..\dlls\monsters.cpp">
      <Filter>Source Files\dlls</Filter>
    </ClCompile>
    <ClCompile Include="..\..\dlls\monsterstate.cpp">
      <Filter>Source Files\dlls</Filter>
    </ClCompile>
    <ClCompile Include="..\..\dlls\movewith.cpp">
      <Filter>Source Files\dlls</Filter>
    </ClCompile>
    <ClCompile Include="..\..\dlls\multiplay_gamerules.cpp">
      <Filter>Source Files\dlls</Filter>
    </ClCompile>
    <ClCompile Include="..\..\dlls\nodes.cpp">
      <Filter>Source Files\dlls</Filter>
    </ClCompile>
    <ClCompile Include="..\..\dlls\observer.cpp">
      <Filter>Source Files\dlls</Filter>
    </ClCompile>
    <ClCompile Include="..\..\dlls\plane.cpp">
      <Filter>Source Files\dlls</Filter>
    </ClCompile>
    <ClCompile Include="..\..\dlls\plats.cpp">
      <Filter>Source Files\dlls</Filter>
    </ClCompile>
    <ClCompile Include="..\..\dlls\player.cpp">
      <Filter>Source Files\dlls</Filter>
    </ClCompile>
    <ClCompile Include="..\..\dlls\schedule.cpp">
      <Filter>Source Files\dlls</Filter>
    </ClCompile>
    <ClCompile Include="..\..\dlls\scripted.cpp">
      <Filter>Source Files\dlls</Filter>
    </ClCompile>
    <ClCompile Include="..\..\dlls\singleplay_gamerules.cpp">
      <Filter>Source Files\dlls</Filter>
    </ClCompile>
    <ClCompile Include="..\..\dlls\skill.cpp">
      <Filter>Source Files\dlls</Filter>
    </ClCompile>
    <ClCompile Include="..\..\dlls\sound.cpp">
      <Filter>Source Files\dlls</Filter>
    </ClCompile>
    <ClCompile Include="..\..\dlls\soundent.cpp">
      <Filter>Source Files\dlls</Filter>
    </ClCompile>
    <ClCompile Include="..\..\dlls\spectator.cpp">
      <Filter>Source Files\dlls</Filter>
    </ClCompile>
    <ClCompile Include="..\..\dlls\subs.cpp">
      <Filter>Source Files\dlls</Filter>
    </ClCompile>
    <ClCompile Include="..\..\dlls\teamplay_gamerules.cpp">
      <Filter>Source Files\dlls</Filter>
    </ClCompile>
    <ClCompile Include="..\..\dlls\tempmonster.cpp">
      <Filter>Source Files\dlls</Filter>
    </ClCompile>
    <ClCompile Include="..\..\dlls\UserMessages.cpp">
      <Filter>Source Files\dlls</Filter>
    </ClCompile>
    <ClCompile Include="..\..\dlls\util.cpp">
      <Filter>Source Files\dlls</Filter>
    </ClCompile>
    <ClCompile Include="..\..\dlls\weapons_shared.cpp">
      <Filter>Source Files\dlls</Filter>
    </ClCompile>
    <ClCompile Include="..\..\dlls\weapons.cpp">
      <Filter>Source Files\dlls</Filter>
    </ClCompile>
    <ClCompile Include="..\..\dlls\world.cpp">
      <Filter>Source Files\dlls</Filter>
    </ClCompile>
    <ClCompile Include="..\..\dlls\xen.cpp">
      <Filter>Source Files\dlls</Filter>
    </ClCompile>
    <ClCompile Include="..\..\game_shared\filesystem_utils.cpp">
      <Filter>Source Files\game_shared</Filter>
    </ClCompile>
    <ClCompile Include="..\..\game_shared\voice_gamemgr.cpp">
      <Filter>Source Files\game_shared</Filter>
    </ClCompile>
    <ClCompile Include="..\..\pm_shared\pm_debug.cpp">
      <Filter>Source Files\pm_shared</Filter>
    </ClCompile>
    <ClCompile Include="..\..\pm_shared\pm_math.cpp">
      <Filter>Source Files\pm_shared</Filter>
    </ClCompile>
    <ClCompile Include="..\..\pm_shared\pm_shared.cpp">
      <Filter>Source Files\pm_shared</Filter>
    </ClCompile>
    <ClCompile Include="..\..\public\interface.cpp">
      <Filter>Source Files\public</Filter>
    </ClCompile>
  </ItemGroup>
  <ItemGroup>
    <ClInclude Include="..\..\common\beamdef.h">
      <Filter>Header Files\common</Filter>
    </ClInclude>
    <ClInclude Include="..\..\common\com_model.h">
      <Filter>Header Files\common</Filter>
    </ClInclude>
    <ClInclude Include="..\..\common\con_nprint.h">
      <Filter>Header Files\common</Filter>
    </ClInclude>
    <ClInclude Include="..\..\common\const.h">
      <Filter>Header Files\common</Filter>
    </ClInclude>
    <ClInclude Include="..\..\common\crc.h">
      <Filter>Header Files\common</Filter>
    </ClInclude>
    <ClInclude Include="..\..\common\cvardef.h">
      <Filter>Header Files\common</Filter>
    </ClInclude>
    <ClInclude Include="..\..\common\director_cmds.h">
      <Filter>Header Files\common</Filter>
    </ClInclude>
    <ClInclude Include="..\..\common\dlight.h">
      <Filter>Header Files\common</Filter>
    </ClInclude>
    <ClInclude Include="..\..\common\dll_state.h">
      <Filter>Header Files\common</Filter>
    </ClInclude>
    <ClInclude Include="..\..\common\entity_state.h">
      <Filter>Header Files\common</Filter>
    </ClInclude>
    <ClInclude Include="..\..\common\entity_types.h">
      <Filter>Header Files\common</Filter>
    </ClInclude>
    <ClInclude Include="..\..\common\enums.h">
      <Filter>Header Files\common</Filter>
    </ClInclude>
    <ClInclude Include="..\..\common\event_api.h">
      <Filter>Header Files\common</Filter>
    </ClInclude>
    <ClInclude Include="..\..\common\event_args.h">
      <Filter>Header Files\common</Filter>
    </ClInclude>
    <ClInclude Include="..\..\common\event_flags.h">
      <Filter>Header Files\common</Filter>
    </ClInclude>
    <ClInclude Include="..\..\common\hltv.h">
      <Filter>Header Files\common</Filter>
    </ClInclude>
    <ClInclude Include="..\..\common\in_buttons.h">
      <Filter>Header Files\common</Filter>
    </ClInclude>
    <ClInclude Include="..\..\common\mathlib.h">
      <Filter>Header Files\common</Filter>
    </ClInclude>
    <ClInclude Include="..\..\common\netadr.h">
      <Filter>Header Files\common</Filter>
    </ClInclude>
    <ClInclude Include="..\..\common\particledef.h">
      <Filter>Header Files\common</Filter>
    </ClInclude>
    <ClInclude Include="..\..\common\Platform.h">
      <Filter>Header Files\common</Filter>
    </ClInclude>
    <ClInclude Include="..\..\common\PlatformHeaders.h">
      <Filter>Header Files\common</Filter>
    </ClInclude>
    <ClInclude Include="..\..\common\r_efx.h">
      <Filter>Header Files\common</Filter>
    </ClInclude>
    <ClInclude Include="..\..\common\r_studioint.h">
      <Filter>Header Files\common</Filter>
    </ClInclude>
    <ClInclude Include="..\..\common\screenfade.h">
      <Filter>Header Files\common</Filter>
    </ClInclude>
    <ClInclude Include="..\..\common\Sequence.h">
      <Filter>Header Files\common</Filter>
    </ClInclude>
    <ClInclude Include="..\..\common\studio_event.h">
      <Filter>Header Files\common</Filter>
    </ClInclude>
    <ClInclude Include="..\..\common\usercmd.h">
      <Filter>Header Files\common</Filter>
    </ClInclude>
    <ClInclude Include="..\..\common\weaponinfo.h">
      <Filter>Header Files\common</Filter>
    </ClInclude>
    <ClInclude Include="..\..\dlls\activity.h">
      <Filter>Header Files\dlls</Filter>
    </ClInclude>
    <ClInclude Include="..\..\dlls\activitymap.h">
      <Filter>Header Files\dlls</Filter>
    </ClInclude>
    <ClInclude Include="..\..\dlls\animation.h">
      <Filter>Header Files\dlls</Filter>
    </ClInclude>
    <ClInclude Include="..\..\dlls\basemonster.h">
      <Filter>Header Files\dlls</Filter>
    </ClInclude>
    <ClInclude Include="..\..\dlls\cbase.h">
      <Filter>Header Files\dlls</Filter>
    </ClInclude>
    <ClInclude Include="..\..\dlls\cdll_dll.h">
      <Filter>Header Files\dlls</Filter>
    </ClInclude>
    <ClInclude Include="..\..\dlls\client.h">
      <Filter>Header Files\dlls</Filter>
    </ClInclude>
    <ClInclude Include="..\..\dlls\decals.h">
      <Filter>Header Files\dlls</Filter>
    </ClInclude>
    <ClInclude Include="..\..\dlls\defaultai.h">
      <Filter>Header Files\dlls</Filter>
    </ClInclude>
    <ClInclude Include="..\..\dlls\enginecallback.h">
      <Filter>Header Files\dlls</Filter>
    </ClInclude>
    <ClInclude Include="..\..\dlls\entities\alias\CBaseMutableAlias.h">
      <Filter>Header Files\dlls\entities\alias</Filter>
    </ClInclude>
    <ClInclude Include="..\..\dlls\entities\alias\CInfoAlias.h">
      <Filter>Header Files\dlls\entities\alias</Filter>
    </ClInclude>
    <ClInclude Include="..\..\dlls\entities\alias\CInfoGroup.h">
      <Filter>Header Files\dlls\entities\alias</Filter>
    </ClInclude>
    <ClInclude Include="..\..\dlls\entities\alias\CMultiAlias.h">
      <Filter>Header Files\dlls\entities\alias</Filter>
    </ClInclude>
    <ClInclude Include="..\..\dlls\entities\ambient\CAmbientGeneric.h">
      <Filter>Header Files\dlls\entities\ambient</Filter>
    </ClInclude>
    <ClInclude Include="..\..\dlls\entities\ambient\CTargetFMODAudio.h">
      <Filter>Header Files\dlls\entities\ambient</Filter>
    </ClInclude>
    <ClInclude Include="..\..\dlls\entities\ammo\CCrossbowAmmo.h">
      <Filter>Header Files\dlls\entities\ammo</Filter>
    </ClInclude>
    <ClInclude Include="..\..\dlls\entities\ammo\CEgonAmmo.h">
      <Filter>Header Files\dlls\entities\ammo</Filter>
    </ClInclude>
    <ClInclude Include="..\..\dlls\entities\ammo\CGaussAmmo.h">
      <Filter>Header Files\dlls\entities\ammo</Filter>
    </ClInclude>
    <ClInclude Include="..\..\dlls\entities\ammo\CGlockAmmo.h">
      <Filter>Header Files\dlls\entities\ammo</Filter>
    </ClInclude>
    <ClInclude Include="..\..\dlls\entities\ammo\CRpgAmmo.h">
      <Filter>Header Files\dlls\entities\ammo</Filter>
    </ClInclude>
    <ClInclude Include="..\..\dlls\entities\ammo\CShotgunAmmo.h">
      <Filter>Header Files\dlls\entities\ammo</Filter>
    </ClInclude>
    <ClInclude Include="..\..\dlls\entities\button\CButtonTarget.h">
      <Filter>Header Files\dlls\entities\button</Filter>
    </ClInclude>
    <ClInclude Include="..\..\dlls\entities\calc\CCalcAngles.h">
      <Filter>Header Files\dlls\entities\calc</Filter>
    </ClInclude>
    <ClInclude Include="..\..\dlls\entities\calc\CCalcFallback.h">
      <Filter>Header Files\dlls\entities\calc</Filter>
    </ClInclude>
    <ClInclude Include="..\..\dlls\entities\calc\CCalcFromCVar.h">
      <Filter>Header Files\dlls\entities\calc</Filter>
    </ClInclude>
    <ClInclude Include="..\..\dlls\entities\calc\CCalcNumFromEnt.h">
      <Filter>Header Files\dlls\entities\calc</Filter>
    </ClInclude>
    <ClInclude Include="..\..\dlls\entities\calc\CCalcNumFromNum.h">
      <Filter>Header Files\dlls\entities\calc</Filter>
    </ClInclude>
    <ClInclude Include="..\..\dlls\entities\calc\CCalcNumFromVec.h">
      <Filter>Header Files\dlls\entities\calc</Filter>
    </ClInclude>
    <ClInclude Include="..\..\dlls\entities\calc\CCalcPosition.h">
      <Filter>Header Files\dlls\entities\calc</Filter>
    </ClInclude>
    <ClInclude Include="..\..\dlls\entities\calc\CCalcSubVelocity.h">
      <Filter>Header Files\dlls\entities\calc</Filter>
    </ClInclude>
    <ClInclude Include="..\..\dlls\entities\calc\CCalcVelocityPath.h">
      <Filter>Header Files\dlls\entities\calc</Filter>
    </ClInclude>
    <ClInclude Include="..\..\dlls\entities\calc\CCalcVelocityPolar.h">
      <Filter>Header Files\dlls\entities\calc</Filter>
    </ClInclude>
    <ClInclude Include="..\..\dlls\entities\CBaseAnimating.h">
      <Filter>Header Files\dlls\entities</Filter>
    </ClInclude>
    <ClInclude Include="..\..\dlls\entities\CBaseDelay.h">
      <Filter>Header Files\dlls\entities</Filter>
    </ClInclude>
    <ClInclude Include="..\..\dlls\entities\CBaseEntity.h">
      <Filter>Header Files\dlls\entities</Filter>
    </ClInclude>
    <ClInclude Include="..\..\dlls\entities\CBaseMonster.h">
      <Filter>Header Files\dlls\entities</Filter>
    </ClInclude>
    <ClInclude Include="..\..\dlls\entities\CBaseToggle.h">
      <Filter>Header Files\dlls\entities</Filter>
    </ClInclude>
    <ClInclude Include="..\..\dlls\entities\CCorpse.h">
      <Filter>Header Files\dlls\entities</Filter>
    </ClInclude>
    <ClInclude Include="..\..\dlls\entities\CDecal.h">
      <Filter>Header Files\dlls\entities</Filter>
    </ClInclude>
    <ClInclude Include="..\..\dlls\entities\CPointEntity.h">
      <Filter>Header Files\dlls\entities</Filter>
    </ClInclude>
    <ClInclude Include="..\..\dlls\entities\CSpeaker.h">
      <Filter>Header Files\dlls\entities</Filter>
    </ClInclude>
    <ClInclude Include="..\..\dlls\entities\cycler\CCycler.h">
      <Filter>Header Files\dlls\entities\cycler</Filter>
    </ClInclude>
    <ClInclude Include="..\..\dlls\entities\cycler\CCyclerProbe.h">
      <Filter>Header Files\dlls\entities\cycler</Filter>
    </ClInclude>
    <ClInclude Include="..\..\dlls\entities\cycler\CCyclerSprite.h">
      <Filter>Header Files\dlls\entities\cycler</Filter>
    </ClInclude>
    <ClInclude Include="..\..\dlls\entities\cycler\CGenericCycler.h">
      <Filter>Header Files\dlls\entities\cycler</Filter>
    </ClInclude>
    <ClInclude Include="..\..\dlls\entities\cycler\CWeaponCycler.h">
      <Filter>Header Files\dlls\entities\cycler</Filter>
    </ClInclude>
    <ClInclude Include="..\..\dlls\entities\cycler\CWreckage.h">
      <Filter>Header Files\dlls\entities\cycler</Filter>
    </ClInclude>
    <ClInclude Include="..\..\dlls\entities\env\CBeam.h">
      <Filter>Header Files\dlls\entities\env</Filter>
    </ClInclude>
    <ClInclude Include="..\..\dlls\entities\env\CBlood.h">
      <Filter>Header Files\dlls\entities\env</Filter>
    </ClInclude>
    <ClInclude Include="..\..\dlls\entities\env\CBubbling.h">
      <Filter>Header Files\dlls\entities\env</Filter>
    </ClInclude>
    <ClInclude Include="..\..\dlls\entities\env\CEnvBeamTrail.h">
      <Filter>Header Files\dlls\entities\env</Filter>
    </ClInclude>
    <ClInclude Include="..\..\dlls\entities\env\CEnvBeverage.h">
      <Filter>Header Files\dlls\entities\env</Filter>
    </ClInclude>
    <ClInclude Include="..\..\dlls\entities\env\CEnvCustomize.h">
      <Filter>Header Files\dlls\entities\env</Filter>
    </ClInclude>
    <ClInclude Include="..\..\dlls\entities\env\CEnvDecal.h">
      <Filter>Header Files\dlls\entities\env</Filter>
    </ClInclude>
    <ClInclude Include="..\..\dlls\entities\env\CEnvDLight.h">
      <Filter>Header Files\dlls\entities\env</Filter>
    </ClInclude>
    <ClInclude Include="..\..\dlls\entities\env\CEnvELight.h">
      <Filter>Header Files\dlls\entities\env</Filter>
    </ClInclude>
    <ClInclude Include="..\..\dlls\entities\env\CEnvExplosion.h">
      <Filter>Header Files\dlls\entities\env</Filter>
    </ClInclude>
    <ClInclude Include="..\..\dlls\entities\env\CEnvFog.h">
      <Filter>Header Files\dlls\entities\env</Filter>
    </ClInclude>
    <ClInclude Include="..\..\dlls\entities\env\CEnvFootsteps.h">
      <Filter>Header Files\dlls\entities\env</Filter>
    </ClInclude>
    <ClInclude Include="..\..\dlls\entities\env\CEnvFunnel.h">
      <Filter>Header Files\dlls\entities\env</Filter>
    </ClInclude>
    <ClInclude Include="..\..\dlls\entities\env\CEnvGlobal.h">
      <Filter>Header Files\dlls\entities\env</Filter>
    </ClInclude>
    <ClInclude Include="..\..\dlls\entities\env\CEnvMirror.h">
      <Filter>Header Files\dlls\entities\env</Filter>
    </ClInclude>
    <ClInclude Include="..\..\dlls\entities\env\CEnvModel.h">
      <Filter>Header Files\dlls\entities\env</Filter>
    </ClInclude>
    <ClInclude Include="..\..\dlls\entities\env\CEnvQuakeFx.h">
      <Filter>Header Files\dlls\entities\env</Filter>
    </ClInclude>
    <ClInclude Include="..\..\dlls\entities\env\CEnvRain.h">
      <Filter>Header Files\dlls\entities\env</Filter>
    </ClInclude>
    <ClInclude Include="..\..\dlls\entities\env\CEnvShockwave.h">
      <Filter>Header Files\dlls\entities\env</Filter>
    </ClInclude>
    <ClInclude Include="..\..\dlls\entities\env\CEnvShooter.h">
      <Filter>Header Files\dlls\entities\env</Filter>
    </ClInclude>
    <ClInclude Include="..\..\dlls\entities\env\CEnvSky.h">
      <Filter>Header Files\dlls\entities\env</Filter>
    </ClInclude>
    <ClInclude Include="..\..\dlls\entities\env\CEnvSound.h">
      <Filter>Header Files\dlls\entities\env</Filter>
    </ClInclude>
    <ClInclude Include="..\..\dlls\entities\env\CEnvSpark.h">
      <Filter>Header Files\dlls\entities\env</Filter>
    </ClInclude>
    <ClInclude Include="..\..\dlls\entities\env\CEnvState.h">
      <Filter>Header Files\dlls\entities\env</Filter>
    </ClInclude>
    <ClInclude Include="..\..\dlls\entities\env\CEnvWarpBall.h">
      <Filter>Header Files\dlls\entities\env</Filter>
    </ClInclude>
    <ClInclude Include="..\..\dlls\entities\env\CFade.h">
      <Filter>Header Files\dlls\entities\env</Filter>
    </ClInclude>
    <ClInclude Include="..\..\dlls\entities\env\CGibShooter.h">
      <Filter>Header Files\dlls\entities\env</Filter>
    </ClInclude>
    <ClInclude Include="..\..\dlls\entities\env\CGlow.h">
      <Filter>Header Files\dlls\entities\env</Filter>
    </ClInclude>
    <ClInclude Include="..\..\dlls\entities\env\CLaser.h">
      <Filter>Header Files\dlls\entities\env</Filter>
    </ClInclude>
    <ClInclude Include="..\..\dlls\entities\env\CLightning.h">
      <Filter>Header Files\dlls\entities\env</Filter>
    </ClInclude>
    <ClInclude Include="..\..\dlls\entities\env\CMessage.h">
      <Filter>Header Files\dlls\entities\env</Filter>
    </ClInclude>
    <ClInclude Include="..\..\dlls\entities\env\CParticle.h">
      <Filter>Header Files\dlls\entities\env</Filter>
    </ClInclude>
    <ClInclude Include="..\..\dlls\entities\env\CRainModify.h">
      <Filter>Header Files\dlls\entities\env</Filter>
    </ClInclude>
    <ClInclude Include="..\..\dlls\entities\env\CRainSettings.h">
      <Filter>Header Files\dlls\entities\env</Filter>
    </ClInclude>
    <ClInclude Include="..\..\dlls\entities\env\CRenderFxManager.h">
      <Filter>Header Files\dlls\entities\env</Filter>
    </ClInclude>
    <ClInclude Include="..\..\dlls\entities\env\CShake.h">
      <Filter>Header Files\dlls\entities\env</Filter>
    </ClInclude>
    <ClInclude Include="..\..\dlls\entities\env\CSmoker.h">
      <Filter>Header Files\dlls\entities\env</Filter>
    </ClInclude>
    <ClInclude Include="..\..\dlls\entities\env\CSprite.h">
      <Filter>Header Files\dlls\entities\env</Filter>
    </ClInclude>
    <ClInclude Include="..\..\dlls\entities\func\CBaseButton.h">
      <Filter>Header Files\dlls\entities\func</Filter>
    </ClInclude>
    <ClInclude Include="..\..\dlls\entities\func\CBaseDoor.h">
      <Filter>Header Files\dlls\entities\func</Filter>
    </ClInclude>
    <ClInclude Include="..\..\dlls\entities\func\CBreakable.h">
      <Filter>Header Files\dlls\entities\func</Filter>
    </ClInclude>
    <ClInclude Include="..\..\dlls\entities\func\CFrictionModifier.h">
      <Filter>Header Files\dlls\entities\func</Filter>
    </ClInclude>
    <ClInclude Include="..\..\dlls\entities\func\CFuncConveyor.h">
      <Filter>Header Files\dlls\entities\func</Filter>
    </ClInclude>
    <ClInclude Include="..\..\dlls\entities\func\CFuncIllusionary.h">
      <Filter>Header Files\dlls\entities\func</Filter>
    </ClInclude>
    <ClInclude Include="..\..\dlls\entities\func\CFuncMonsterClip.h">
      <Filter>Header Files\dlls\entities\func</Filter>
    </ClInclude>
    <ClInclude Include="..\..\dlls\entities\func\CFuncMortarField.h">
      <Filter>Header Files\dlls\entities\func</Filter>
    </ClInclude>
    <ClInclude Include="..\..\dlls\entities\func\CFuncPlat.h">
      <Filter>Header Files\dlls\entities\func</Filter>
    </ClInclude>
    <ClInclude Include="..\..\dlls\entities\func\CFuncPlatRot.h">
      <Filter>Header Files\dlls\entities\func</Filter>
    </ClInclude>
    <ClInclude Include="..\..\dlls\entities\func\CFuncRotating.h">
      <Filter>Header Files\dlls\entities\func</Filter>
    </ClInclude>
    <ClInclude Include="..\..\dlls\entities\func\CFuncShine.h">
      <Filter>Header Files\dlls\entities\func</Filter>
    </ClInclude>
    <ClInclude Include="..\..\dlls\entities\func\CFuncTank.h">
      <Filter>Header Files\dlls\entities\func</Filter>
    </ClInclude>
    <ClInclude Include="..\..\dlls\entities\func\CFuncTankControls.h">
      <Filter>Header Files\dlls\entities\func</Filter>
    </ClInclude>
    <ClInclude Include="..\..\dlls\entities\func\CFuncTankGun.h">
      <Filter>Header Files\dlls\entities\func</Filter>
    </ClInclude>
    <ClInclude Include="..\..\dlls\entities\func\CFuncTankLaser.h">
      <Filter>Header Files\dlls\entities\func</Filter>
    </ClInclude>
    <ClInclude Include="..\..\dlls\entities\func\CFuncTankMortar.h">
      <Filter>Header Files\dlls\entities\func</Filter>
    </ClInclude>
    <ClInclude Include="..\..\dlls\entities\func\CFuncTankRocket.h">
      <Filter>Header Files\dlls\entities\func</Filter>
    </ClInclude>
    <ClInclude Include="..\..\dlls\entities\func\CFuncTrackAuto.h">
      <Filter>Header Files\dlls\entities\func</Filter>
    </ClInclude>
    <ClInclude Include="..\..\dlls\entities\func\CFuncTrackChange.h">
      <Filter>Header Files\dlls\entities\func</Filter>
    </ClInclude>
    <ClInclude Include="..\..\dlls\entities\func\CFuncTrain.h">
      <Filter>Header Files\dlls\entities\func</Filter>
    </ClInclude>
    <ClInclude Include="..\..\dlls\entities\func\CFuncTrainControls.h">
      <Filter>Header Files\dlls\entities\func</Filter>
    </ClInclude>
    <ClInclude Include="..\..\dlls\entities\func\CFuncWall.h">
      <Filter>Header Files\dlls\entities\func</Filter>
    </ClInclude>
    <ClInclude Include="..\..\dlls\entities\func\CFuncWallToggle.h">
      <Filter>Header Files\dlls\entities\func</Filter>
    </ClInclude>
    <ClInclude Include="..\..\dlls\entities\func\CGunTarget.h">
      <Filter>Header Files\dlls\entities\func</Filter>
    </ClInclude>
    <ClInclude Include="..\..\dlls\entities\func\CLadder.h">
      <Filter>Header Files\dlls\entities\func</Filter>
    </ClInclude>
    <ClInclude Include="..\..\dlls\entities\func\CPendulum.h">
      <Filter>Header Files\dlls\entities\func</Filter>
    </ClInclude>
    <ClInclude Include="..\..\dlls\entities\func\CPushable.h">
      <Filter>Header Files\dlls\entities\func</Filter>
    </ClInclude>
    <ClInclude Include="..\..\dlls\entities\func\CRecharge.h">
      <Filter>Header Files\dlls\entities\func</Filter>
    </ClInclude>
    <ClInclude Include="..\..\dlls\entities\func\CRotButton.h">
      <Filter>Header Files\dlls\entities\func</Filter>
    </ClInclude>
    <ClInclude Include="..\..\dlls\entities\func\CRotDoor.h">
      <Filter>Header Files\dlls\entities\func</Filter>
    </ClInclude>
    <ClInclude Include="..\..\dlls\entities\func\CWallHealth.h">
      <Filter>Header Files\dlls\entities\func</Filter>
    </ClInclude>
    <ClInclude Include="..\..\dlls\entities\game\CGameCounter.h">
      <Filter>Header Files\dlls\entities\game</Filter>
    </ClInclude>
    <ClInclude Include="..\..\dlls\entities\game\CGameCounterSet.h">
      <Filter>Header Files\dlls\entities\game</Filter>
    </ClInclude>
    <ClInclude Include="..\..\dlls\entities\game\CGameEnd.h">
      <Filter>Header Files\dlls\entities\game</Filter>
    </ClInclude>
    <ClInclude Include="..\..\dlls\entities\game\CGamePlayerEquip.h">
      <Filter>Header Files\dlls\entities\game</Filter>
    </ClInclude>
    <ClInclude Include="..\..\dlls\entities\game\CGamePlayerHurt.h">
      <Filter>Header Files\dlls\entities\game</Filter>
    </ClInclude>
    <ClInclude Include="..\..\dlls\entities\game\CGamePlayerTeam.h">
      <Filter>Header Files\dlls\entities\game</Filter>
    </ClInclude>
    <ClInclude Include="..\..\dlls\entities\game\CGamePlayerZone.h">
      <Filter>Header Files\dlls\entities\game</Filter>
    </ClInclude>
    <ClInclude Include="..\..\dlls\entities\game\CGameScore.h">
      <Filter>Header Files\dlls\entities\game</Filter>
    </ClInclude>
    <ClInclude Include="..\..\dlls\entities\game\CGameTeamMaster.h">
      <Filter>Header Files\dlls\entities\game</Filter>
    </ClInclude>
    <ClInclude Include="..\..\dlls\entities\game\CGameTeamSet.h">
      <Filter>Header Files\dlls\entities\game</Filter>
    </ClInclude>
    <ClInclude Include="..\..\dlls\entities\game\CGameText.h">
      <Filter>Header Files\dlls\entities\game</Filter>
    </ClInclude>
    <ClInclude Include="..\..\dlls\entities\game\CRuleBrushEntity.h">
      <Filter>Header Files\dlls\entities\game</Filter>
    </ClInclude>
    <ClInclude Include="..\..\dlls\entities\game\CRuleEntity.h">
      <Filter>Header Files\dlls\entities\game</Filter>
    </ClInclude>
    <ClInclude Include="..\..\dlls\entities\game\CRulePointEntity.h">
      <Filter>Header Files\dlls\entities\game</Filter>
    </ClInclude>
    <ClInclude Include="..\..\dlls\entities\info\CBaseDMStart.h">
      <Filter>Header Files\dlls\entities\info</Filter>
    </ClInclude>
    <ClInclude Include="..\..\dlls\entities\info\CInfoBM.h">
      <Filter>Header Files\dlls\entities\info</Filter>
    </ClInclude>
    <ClInclude Include="..\..\dlls\entities\info\CInfoMoveWith.h">
      <Filter>Header Files\dlls\entities\info</Filter>
    </ClInclude>
    <ClInclude Include="..\..\dlls\entities\info\CInfoTarget.h">
      <Filter>Header Files\dlls\entities\info</Filter>
    </ClInclude>
    <ClInclude Include="..\..\dlls\entities\info\CNullEntity.h">
      <Filter>Header Files\dlls\entities\info</Filter>
    </ClInclude>
    <ClInclude Include="..\..\dlls\entities\inout\CInOutRegister.h">
      <Filter>Header Files\dlls\entities\inout</Filter>
    </ClInclude>
    <ClInclude Include="..\..\dlls\entities\item\CAirtank.h">
      <Filter>Header Files\dlls\entities\item</Filter>
    </ClInclude>
    <ClInclude Include="..\..\dlls\entities\item\CHealthKit.h">
      <Filter>Header Files\dlls\entities\item</Filter>
    </ClInclude>
    <ClInclude Include="..\..\dlls\entities\item\CItem.h">
      <Filter>Header Files\dlls\entities\item</Filter>
    </ClInclude>
    <ClInclude Include="..\..\dlls\entities\item\CItemAntidote.h">
      <Filter>Header Files\dlls\entities\item</Filter>
    </ClInclude>
    <ClInclude Include="..\..\dlls\entities\item\CItemAntiRad.h">
      <Filter>Header Files\dlls\entities\item</Filter>
    </ClInclude>
    <ClInclude Include="..\..\dlls\entities\item\CItemBattery.h">
      <Filter>Header Files\dlls\entities\item</Filter>
    </ClInclude>
    <ClInclude Include="..\..\dlls\entities\item\CItemCamera.h">
      <Filter>Header Files\dlls\entities\item</Filter>
    </ClInclude>
    <ClInclude Include="..\..\dlls\entities\item\CItemFlare.h">
      <Filter>Header Files\dlls\entities\item</Filter>
    </ClInclude>
    <ClInclude Include="..\..\dlls\entities\item\CItemLongJump.h">
      <Filter>Header Files\dlls\entities\item</Filter>
    </ClInclude>
    <ClInclude Include="..\..\dlls\entities\item\CItemMedicalKit.h">
      <Filter>Header Files\dlls\entities\item</Filter>
    </ClInclude>
    <ClInclude Include="..\..\dlls\entities\item\CItemSecurity.h">
      <Filter>Header Files\dlls\entities\item</Filter>
    </ClInclude>
    <ClInclude Include="..\..\dlls\entities\item\CItemSoda.h">
      <Filter>Header Files\dlls\entities\item</Filter>
    </ClInclude>
    <ClInclude Include="..\..\dlls\entities\item\CItemSuit.h">
      <Filter>Header Files\dlls\entities\item</Filter>
    </ClInclude>
    <ClInclude Include="..\..\dlls\entities\item\CWorldItem.h">
      <Filter>Header Files\dlls\entities\item</Filter>
    </ClInclude>
    <ClInclude Include="..\..\dlls\entities\light\CEnvLight.h">
      <Filter>Header Files\dlls\entities\light</Filter>
    </ClInclude>
    <ClInclude Include="..\..\dlls\entities\light\CLight.h">
      <Filter>Header Files\dlls\entities\light</Filter>
    </ClInclude>
    <ClInclude Include="..\..\dlls\entities\light\CLightDynamic.h">
      <Filter>Header Files\dlls\entities\light</Filter>
    </ClInclude>
    <ClInclude Include="..\..\dlls\entities\light\CLightFader.h">
      <Filter>Header Files\dlls\entities\light</Filter>
    </ClInclude>
    <ClInclude Include="..\..\dlls\entities\locus\CLocusAlias.h">
      <Filter>Header Files\dlls\entities\locus</Filter>
    </ClInclude>
    <ClInclude Include="..\..\dlls\entities\locus\CLocusBeam.h">
      <Filter>Header Files\dlls\entities\locus</Filter>
    </ClInclude>
    <ClInclude Include="..\..\dlls\entities\locus\CLocusVariable.h">
      <Filter>Header Files\dlls\entities\locus</Filter>
    </ClInclude>
    <ClInclude Include="..\..\dlls\entities\momentary\CMomentaryDoor.h">
      <Filter>Header Files\dlls\entities\momentary</Filter>
    </ClInclude>
    <ClInclude Include="..\..\dlls\entities\momentary\CMomentaryRotButton.h">
      <Filter>Header Files\dlls\entities\momentary</Filter>
    </ClInclude>
    <ClInclude Include="..\..\dlls\entities\monster\CAGrunt.h">
      <Filter>Header Files\dlls\entities\monster</Filter>
    </ClInclude>
    <ClInclude Include="..\..\dlls\entities\monster\CApache.h">
      <Filter>Header Files\dlls\entities\monster</Filter>
    </ClInclude>
    <ClInclude Include="..\..\dlls\entities\monster\CBabyCrab.h">
      <Filter>Header Files\dlls\entities\monster</Filter>
    </ClInclude>
    <ClInclude Include="..\..\dlls\entities\monster\CBarnacle.h">
      <Filter>Header Files\dlls\entities\monster</Filter>
    </ClInclude>
    <ClInclude Include="..\..\dlls\entities\monster\CBarney.h">
      <Filter>Header Files\dlls\entities\monster</Filter>
    </ClInclude>
    <ClInclude Include="..\..\dlls\entities\monster\CBaseTurret.h">
      <Filter>Header Files\dlls\entities\monster</Filter>
    </ClInclude>
    <ClInclude Include="..\..\dlls\entities\monster\CBigMomma.h">
      <Filter>Header Files\dlls\entities\monster</Filter>
    </ClInclude>
    <ClInclude Include="..\..\dlls\entities\monster\CBloater.h">
      <Filter>Header Files\dlls\entities\monster</Filter>
    </ClInclude>
    <ClInclude Include="..\..\dlls\entities\monster\CBullsquid.h">
      <Filter>Header Files\dlls\entities\monster</Filter>
    </ClInclude>
    <ClInclude Include="..\..\dlls\entities\monster\CController.h">
      <Filter>Header Files\dlls\entities\monster</Filter>
    </ClInclude>
    <ClInclude Include="..\..\dlls\entities\monster\CFlockingFlyer.h">
      <Filter>Header Files\dlls\entities\monster</Filter>
    </ClInclude>
    <ClInclude Include="..\..\dlls\entities\monster\CFlockingFlyerFlock.h">
      <Filter>Header Files\dlls\entities\monster</Filter>
    </ClInclude>
    <ClInclude Include="..\..\dlls\entities\monster\CFlyingMonster.h">
      <Filter>Header Files\dlls\entities\monster</Filter>
    </ClInclude>
    <ClInclude Include="..\..\dlls\entities\monster\CFurniture.h">
      <Filter>Header Files\dlls\entities\monster</Filter>
    </ClInclude>
    <ClInclude Include="..\..\dlls\entities\monster\CGargantua.h">
      <Filter>Header Files\dlls\entities\monster</Filter>
    </ClInclude>
    <ClInclude Include="..\..\dlls\entities\monster\CGenericMonster.h">
      <Filter>Header Files\dlls\entities\monster</Filter>
    </ClInclude>
    <ClInclude Include="..\..\dlls\entities\monster\CGMan.h">
      <Filter>Header Files\dlls\entities\monster</Filter>
    </ClInclude>
    <ClInclude Include="..\..\dlls\entities\monster\CHAssassin.h">
      <Filter>Header Files\dlls\entities\monster</Filter>
    </ClInclude>
    <ClInclude Include="..\..\dlls\entities\monster\CHeadCrab.h">
      <Filter>Header Files\dlls\entities\monster</Filter>
    </ClInclude>
    <ClInclude Include="..\..\dlls\entities\monster\CHGrunt.h">
      <Filter>Header Files\dlls\entities\monster</Filter>
    </ClInclude>
    <ClInclude Include="..\..\dlls\entities\monster\CHornet.h">
      <Filter>Header Files\dlls\entities\monster</Filter>
    </ClInclude>
    <ClInclude Include="..\..\dlls\entities\monster\CHoundeye.h">
      <Filter>Header Files\dlls\entities\monster</Filter>
    </ClInclude>
    <ClInclude Include="..\..\dlls\entities\monster\CIchthyosaur.h">
      <Filter>Header Files\dlls\entities\monster</Filter>
    </ClInclude>
    <ClInclude Include="..\..\dlls\entities\monster\CISlave.h">
      <Filter>Header Files\dlls\entities\monster</Filter>
    </ClInclude>
    <ClInclude Include="..\..\dlls\entities\monster\CLeech.h">
      <Filter>Header Files\dlls\entities\monster</Filter>
    </ClInclude>
    <ClInclude Include="..\..\dlls\entities\monster\CMiniTurret.h">
      <Filter>Header Files\dlls\entities\monster</Filter>
    </ClInclude>
    <ClInclude Include="..\..\dlls\entities\monster\CMonsterMaker.h">
      <Filter>Header Files\dlls\entities\monster</Filter>
    </ClInclude>
    <ClInclude Include="..\..\dlls\entities\monster\CMonsterTarget.h">
      <Filter>Header Files\dlls\entities\monster</Filter>
    </ClInclude>
    <ClInclude Include="..\..\dlls\entities\monster\CMortar.h">
      <Filter>Header Files\dlls\entities\monster</Filter>
    </ClInclude>
    <ClInclude Include="..\..\dlls\entities\monster\CNihilanth.h">
      <Filter>Header Files\dlls\entities\monster</Filter>
    </ClInclude>
    <ClInclude Include="..\..\dlls\entities\monster\COsprey.h">
      <Filter>Header Files\dlls\entities\monster</Filter>
    </ClInclude>
    <ClInclude Include="..\..\dlls\entities\monster\CRat.h">
      <Filter>Header Files\dlls\entities\monster</Filter>
    </ClInclude>
    <ClInclude Include="..\..\dlls\entities\monster\CRoach.h">
      <Filter>Header Files\dlls\entities\monster</Filter>
    </ClInclude>
    <ClInclude Include="..\..\dlls\entities\monster\CSatchelCharge.h">
      <Filter>Header Files\dlls\entities\monster</Filter>
    </ClInclude>
    <ClInclude Include="..\..\dlls\entities\monster\CScientist.h">
      <Filter>Header Files\dlls\entities\monster</Filter>
    </ClInclude>
    <ClInclude Include="..\..\dlls\entities\monster\CSentry.h">
      <Filter>Header Files\dlls\entities\monster</Filter>
    </ClInclude>
    <ClInclude Include="..\..\dlls\entities\monster\CSquadMonster.h">
      <Filter>Header Files\dlls\entities\monster</Filter>
    </ClInclude>
    <ClInclude Include="..\..\dlls\entities\monster\CSqueakGrenade.h">
      <Filter>Header Files\dlls\entities\monster</Filter>
    </ClInclude>
    <ClInclude Include="..\..\dlls\entities\monster\CSquidSpit.h">
      <Filter>Header Files\dlls\entities\monster</Filter>
    </ClInclude>
    <ClInclude Include="..\..\dlls\entities\monster\CTalkMonster.h">
      <Filter>Header Files\dlls\entities\monster</Filter>
    </ClInclude>
    <ClInclude Include="..\..\dlls\entities\monster\CTentacle.h">
      <Filter>Header Files\dlls\entities\monster</Filter>
    </ClInclude>
    <ClInclude Include="..\..\dlls\entities\monster\CTripmineGrenade.h">
      <Filter>Header Files\dlls\entities\monster</Filter>
    </ClInclude>
    <ClInclude Include="..\..\dlls\entities\monster\CTurret.h">
      <Filter>Header Files\dlls\entities\monster</Filter>
    </ClInclude>
    <ClInclude Include="..\..\dlls\entities\monster\CZombie.h">
      <Filter>Header Files\dlls\entities\monster</Filter>
    </ClInclude>
    <ClInclude Include="..\..\dlls\entities\motion\CMotionManager.h">
      <Filter>Header Files\dlls\entities\motion</Filter>
    </ClInclude>
    <ClInclude Include="..\..\dlls\entities\multi\CMultiManager.h">
      <Filter>Header Files\dlls\entities\multi</Filter>
    </ClInclude>
    <ClInclude Include="..\..\dlls\entities\multi\CMultisource.h">
      <Filter>Header Files\dlls\entities\multi</Filter>
    </ClInclude>
    <ClInclude Include="..\..\dlls\entities\path\CPathCorner.h">
      <Filter>Header Files\dlls\entities\path</Filter>
    </ClInclude>
    <ClInclude Include="..\..\dlls\entities\path\CPathTrack.h">
      <Filter>Header Files\dlls\entities\path</Filter>
    </ClInclude>
    <ClInclude Include="..\..\dlls\entities\scripted\CScriptedSentence.h">
      <Filter>Header Files\dlls\entities\scripted</Filter>
    </ClInclude>
    <ClInclude Include="..\..\dlls\entities\scripted\CTankSequence.h">
      <Filter>Header Files\dlls\entities\scripted</Filter>
    </ClInclude>
    <ClInclude Include="..\..\dlls\entities\scripted\CTrainSequence.h">
      <Filter>Header Files\dlls\entities\scripted</Filter>
    </ClInclude>
    <ClInclude Include="..\..\dlls\entities\spark\CShower.h">
      <Filter>Header Files\dlls\entities\spark</Filter>
    </ClInclude>
    <ClInclude Include="..\..\dlls\entities\target\CTargetCDAudio.h">
      <Filter>Header Files\dlls\entities\target</Filter>
    </ClInclude>
    <ClInclude Include="..\..\dlls\entities\trigger\CAutoTrigger.h">
      <Filter>Header Files\dlls\entities\trigger</Filter>
    </ClInclude>
    <ClInclude Include="..\..\dlls\entities\trigger\CBaseTrigger.h">
      <Filter>Header Files\dlls\entities\trigger</Filter>
    </ClInclude>
    <ClInclude Include="..\..\dlls\entities\trigger\CChangeLevel.h">
      <Filter>Header Files\dlls\entities\trigger</Filter>
    </ClInclude>
    <ClInclude Include="..\..\dlls\entities\trigger\CFireAndDie.h">
      <Filter>Header Files\dlls\entities\trigger</Filter>
    </ClInclude>
    <ClInclude Include="..\..\dlls\entities\trigger\CTriggerBounce.h">
      <Filter>Header Files\dlls\entities\trigger</Filter>
    </ClInclude>
    <ClInclude Include="..\..\dlls\entities\trigger\CTriggerCamera.h">
      <Filter>Header Files\dlls\entities\trigger</Filter>
    </ClInclude>
    <ClInclude Include="..\..\dlls\entities\trigger\CTriggerCDAudio.h">
      <Filter>Header Files\dlls\entities\trigger</Filter>
    </ClInclude>
    <ClInclude Include="..\..\dlls\entities\trigger\CTriggerChangeAlias.h">
      <Filter>Header Files\dlls\entities\trigger</Filter>
    </ClInclude>
    <ClInclude Include="..\..\dlls\entities\trigger\CTriggerChangeCVar.h">
      <Filter>Header Files\dlls\entities\trigger</Filter>
    </ClInclude>
    <ClInclude Include="..\..\dlls\entities\trigger\CTriggerChangeTarget.h">
      <Filter>Header Files\dlls\entities\trigger</Filter>
    </ClInclude>
    <ClInclude Include="..\..\dlls\entities\trigger\CTriggerChangeValue.h">
      <Filter>Header Files\dlls\entities\trigger</Filter>
    </ClInclude>
    <ClInclude Include="..\..\dlls\entities\trigger\CTriggerCommand.h">
      <Filter>Header Files\dlls\entities\trigger</Filter>
    </ClInclude>
    <ClInclude Include="..\..\dlls\entities\trigger\CTriggerCounter.h">
      <Filter>Header Files\dlls\entities\trigger</Filter>
    </ClInclude>
    <ClInclude Include="..\..\dlls\entities\trigger\CTriggerEndSection.h">
      <Filter>Header Files\dlls\entities\trigger</Filter>
    </ClInclude>
    <ClInclude Include="..\..\dlls\entities\trigger\CTriggerGravity.h">
      <Filter>Header Files\dlls\entities\trigger</Filter>
    </ClInclude>
    <ClInclude Include="..\..\dlls\entities\trigger\CTriggerHevCharge.h">
      <Filter>Header Files\dlls\entities\trigger</Filter>
    </ClInclude>
    <ClInclude Include="..\..\dlls\entities\trigger\CTriggerHurt.h">
      <Filter>Header Files\dlls\entities\trigger</Filter>
    </ClInclude>
    <ClInclude Include="..\..\dlls\entities\trigger\CTriggerInOut.h">
      <Filter>Header Files\dlls\entities\trigger</Filter>
    </ClInclude>
    <ClInclude Include="..\..\dlls\entities\trigger\CTriggerLightstyle.h">
      <Filter>Header Files\dlls\entities\trigger</Filter>
    </ClInclude>
    <ClInclude Include="..\..\dlls\entities\trigger\CTriggerMonsterJump.h">
      <Filter>Header Files\dlls\entities\trigger</Filter>
    </ClInclude>
    <ClInclude Include="..\..\dlls\entities\trigger\CTriggerMotion.h">
      <Filter>Header Files\dlls\entities\trigger</Filter>
    </ClInclude>
    <ClInclude Include="..\..\dlls\entities\trigger\CTriggerMultiple.h">
      <Filter>Header Files\dlls\entities\trigger</Filter>
    </ClInclude>
    <ClInclude Include="..\..\dlls\entities\trigger\CTriggerOnce.h">
      <Filter>Header Files\dlls\entities\trigger</Filter>
    </ClInclude>
    <ClInclude Include="..\..\dlls\entities\trigger\CTriggerOnSight.h">
      <Filter>Header Files\dlls\entities\trigger</Filter>
    </ClInclude>
    <ClInclude Include="..\..\dlls\entities\trigger\CTriggerPush.h">
      <Filter>Header Files\dlls\entities\trigger</Filter>
    </ClInclude>
    <ClInclude Include="..\..\dlls\entities\trigger\CTriggerRelay.h">
      <Filter>Header Files\dlls\entities\trigger</Filter>
    </ClInclude>
    <ClInclude Include="..\..\dlls\entities\trigger\CTriggerSave.h">
      <Filter>Header Files\dlls\entities\trigger</Filter>
    </ClInclude>
    <ClInclude Include="..\..\dlls\entities\trigger\CTriggerSetPatrol.h">
      <Filter>Header Files\dlls\entities\trigger</Filter>
    </ClInclude>
    <ClInclude Include="..\..\dlls\entities\trigger\CTriggerSound.h">
      <Filter>Header Files\dlls\entities\trigger</Filter>
    </ClInclude>
    <ClInclude Include="..\..\dlls\entities\trigger\CTriggerTeleport.h">
      <Filter>Header Files\dlls\entities\trigger</Filter>
    </ClInclude>
    <ClInclude Include="..\..\dlls\entities\trigger\CTriggerVolume.h">
      <Filter>Header Files\dlls\entities\trigger</Filter>
    </ClInclude>
    <ClInclude Include="..\..\dlls\entities\watcher\CStateWatcher.h">
      <Filter>Header Files\dlls\entities\watcher</Filter>
    </ClInclude>
    <ClInclude Include="..\..\dlls\entities\watcher\CWatcherCount.h">
      <Filter>Header Files\dlls\entities\watcher</Filter>
    </ClInclude>
    <ClInclude Include="..\..\dlls\entities\watcher\CWatcherRatio.h">
      <Filter>Header Files\dlls\entities\watcher</Filter>
    </ClInclude>
    <ClInclude Include="..\..\dlls\entities\weapon\CBasePlayerAmmo.h">
      <Filter>Header Files\dlls\entities\weapon</Filter>
    </ClInclude>
    <ClInclude Include="..\..\dlls\entities\weapon\CBasePlayerItem.h">
      <Filter>Header Files\dlls\entities\weapon</Filter>
    </ClInclude>
    <ClInclude Include="..\..\dlls\entities\weapon\CBasePlayerWeapon.h">
      <Filter>Header Files\dlls\entities\weapon</Filter>
    </ClInclude>
    <ClInclude Include="..\..\dlls\entities\weapon\CCrossbow.h">
      <Filter>Header Files\dlls\entities\weapon</Filter>
    </ClInclude>
    <ClInclude Include="..\..\dlls\entities\weapon\CCrossbowBolt.h">
      <Filter>Header Files\dlls\entities\weapon</Filter>
    </ClInclude>
    <ClInclude Include="..\..\dlls\entities\weapon\CCrowbar.h">
      <Filter>Header Files\dlls\entities\weapon</Filter>
    </ClInclude>
    <ClInclude Include="..\..\dlls\entities\weapon\CDebugger.h">
      <Filter>Header Files\dlls\entities\weapon</Filter>
    </ClInclude>
    <ClInclude Include="..\..\dlls\entities\weapon\CEgon.h">
      <Filter>Header Files\dlls\entities\weapon</Filter>
    </ClInclude>
    <ClInclude Include="..\..\dlls\entities\weapon\CGauss.h">
      <Filter>Header Files\dlls\entities\weapon</Filter>
    </ClInclude>
    <ClInclude Include="..\..\dlls\entities\weapon\CGlock.h">
      <Filter>Header Files\dlls\entities\weapon</Filter>
    </ClInclude>
    <ClInclude Include="..\..\dlls\entities\weapon\CGrenade.h">
      <Filter>Header Files\dlls\entities\weapon</Filter>
    </ClInclude>
    <ClInclude Include="..\..\dlls\entities\weapon\CHandGrenade.h">
      <Filter>Header Files\dlls\entities\weapon</Filter>
    </ClInclude>
    <ClInclude Include="..\..\dlls\entities\weapon\CHgun.h">
      <Filter>Header Files\dlls\entities\weapon</Filter>
    </ClInclude>
    <ClInclude Include="..\..\dlls\entities\weapon\CLaserSpot.h">
      <Filter>Header Files\dlls\entities\weapon</Filter>
    </ClInclude>
    <ClInclude Include="..\..\dlls\entities\weapon\CMP5.h">
      <Filter>Header Files\dlls\entities\weapon</Filter>
    </ClInclude>
    <ClInclude Include="..\..\dlls\entities\weapon\CPython.h">
      <Filter>Header Files\dlls\entities\weapon</Filter>
    </ClInclude>
    <ClInclude Include="..\..\dlls\entities\weapon\CRpg.h">
      <Filter>Header Files\dlls\entities\weapon</Filter>
    </ClInclude>
    <ClInclude Include="..\..\dlls\entities\weapon\CRpgRocket.h">
      <Filter>Header Files\dlls\entities\weapon</Filter>
    </ClInclude>
    <ClInclude Include="..\..\dlls\entities\weapon\CSatchel.h">
      <Filter>Header Files\dlls\entities\weapon</Filter>
    </ClInclude>
    <ClInclude Include="..\..\dlls\entities\weapon\CShotgun.h">
      <Filter>Header Files\dlls\entities\weapon</Filter>
    </ClInclude>
    <ClInclude Include="..\..\dlls\entities\weapon\CSqueak.h">
      <Filter>Header Files\dlls\entities\weapon</Filter>
    </ClInclude>
    <ClInclude Include="..\..\dlls\entities\weapon\CTripmine.h">
      <Filter>Header Files\dlls\entities\weapon</Filter>
    </ClInclude>
    <ClInclude Include="..\..\dlls\entities\weapon\CWeaponBox.h">
      <Filter>Header Files\dlls\entities\weapon</Filter>
    </ClInclude>
    <ClInclude Include="..\..\dlls\entities\xen\CXenHair.h">
      <Filter>Header Files\dlls\entities\xen</Filter>
    </ClInclude>
    <ClInclude Include="..\..\dlls\entities\xen\CXenHull.h">
      <Filter>Header Files\dlls\entities\xen</Filter>
    </ClInclude>
    <ClInclude Include="..\..\dlls\entities\xen\CXenPLight.h">
      <Filter>Header Files\dlls\entities\xen</Filter>
    </ClInclude>
    <ClInclude Include="..\..\dlls\entities\xen\CXenSporeLarge.h">
      <Filter>Header Files\dlls\entities\xen</Filter>
    </ClInclude>
    <ClInclude Include="..\..\dlls\entities\xen\CXenSporeMed.h">
      <Filter>Header Files\dlls\entities\xen</Filter>
    </ClInclude>
    <ClInclude Include="..\..\dlls\entities\xen\CXenSporeSmall.h">
      <Filter>Header Files\dlls\entities\xen</Filter>
    </ClInclude>
    <ClInclude Include="..\..\dlls\entities\xen\CXenTree.h">
      <Filter>Header Files\dlls\entities\xen</Filter>
    </ClInclude>
    <ClInclude Include="..\..\dlls\entities\xen\CXenTreeTrigger.h">
      <Filter>Header Files\dlls\entities\xen</Filter>
    </ClInclude>
    <ClInclude Include="..\..\dlls\extdll.h">
      <Filter>Header Files\dlls</Filter>
    </ClInclude>
    <ClInclude Include="..\..\dlls\game.h">
      <Filter>Header Files\dlls</Filter>
    </ClInclude>
    <ClInclude Include="..\..\dlls\gamerules.h">
      <Filter>Header Files\dlls</Filter>
    </ClInclude>
    <ClInclude Include="..\..\dlls\locus.h">
      <Filter>Header Files\dlls</Filter>
    </ClInclude>
    <ClInclude Include="..\..\dlls\monsterevent.h">
      <Filter>Header Files\dlls</Filter>
    </ClInclude>
    <ClInclude Include="..\..\dlls\monsters.h">
      <Filter>Header Files\dlls</Filter>
    </ClInclude>
    <ClInclude Include="..\..\dlls\movewith.h">
      <Filter>Header Files\dlls</Filter>
    </ClInclude>
    <ClInclude Include="..\..\dlls\nodes.h">
      <Filter>Header Files\dlls</Filter>
    </ClInclude>
    <ClInclude Include="..\..\dlls\plane.h">
      <Filter>Header Files\dlls</Filter>
    </ClInclude>
    <ClInclude Include="..\..\dlls\player.h">
      <Filter>Header Files\dlls</Filter>
    </ClInclude>
    <ClInclude Include="..\..\dlls\saverestore.h">
      <Filter>Header Files\dlls</Filter>
    </ClInclude>
    <ClInclude Include="..\..\dlls\schedule.h">
      <Filter>Header Files\dlls</Filter>
    </ClInclude>
    <ClInclude Include="..\..\dlls\scripted.h">
      <Filter>Header Files\dlls</Filter>
    </ClInclude>
    <ClInclude Include="..\..\dlls\scriptevent.h">
      <Filter>Header Files\dlls</Filter>
    </ClInclude>
    <ClInclude Include="..\..\dlls\skill.h">
      <Filter>Header Files\dlls</Filter>
    </ClInclude>
    <ClInclude Include="..\..\dlls\soundent.h">
      <Filter>Header Files\dlls</Filter>
    </ClInclude>
    <ClInclude Include="..\..\dlls\spectator.h">
      <Filter>Header Files\dlls</Filter>
    </ClInclude>
    <ClInclude Include="..\..\dlls\squad.h">
      <Filter>Header Files\dlls</Filter>
    </ClInclude>
    <ClInclude Include="..\..\dlls\teamplay_gamerules.h">
      <Filter>Header Files\dlls</Filter>
    </ClInclude>
    <ClInclude Include="..\..\dlls\trains.h">
      <Filter>Header Files\dlls</Filter>
    </ClInclude>
    <ClInclude Include="..\..\dlls\UserMessages.h">
      <Filter>Header Files\dlls</Filter>
    </ClInclude>
    <ClInclude Include="..\..\dlls\util.h">
      <Filter>Header Files\dlls</Filter>
    </ClInclude>
    <ClInclude Include="..\..\dlls\vector.h">
      <Filter>Header Files\dlls</Filter>
    </ClInclude>
    <ClInclude Include="..\..\dlls\weapons.h">
      <Filter>Header Files\dlls</Filter>
    </ClInclude>
    <ClInclude Include="..\..\engine\custom.h">
      <Filter>Header Files\engine</Filter>
    </ClInclude>
    <ClInclude Include="..\..\engine\customentity.h">
      <Filter>Header Files\engine</Filter>
    </ClInclude>
    <ClInclude Include="..\..\engine\edict.h">
      <Filter>Header Files\engine</Filter>
    </ClInclude>
    <ClInclude Include="..\..\engine\eiface.h">
      <Filter>Header Files\engine</Filter>
    </ClInclude>
    <ClInclude Include="..\..\engine\progdefs.h">
      <Filter>Header Files\engine</Filter>
    </ClInclude>
    <ClInclude Include="..\..\engine\progs.h">
      <Filter>Header Files\engine</Filter>
    </ClInclude>
    <ClInclude Include="..\..\engine\shake.h">
      <Filter>Header Files\engine</Filter>
    </ClInclude>
    <ClInclude Include="..\..\engine\studio.h">
      <Filter>Header Files\engine</Filter>
    </ClInclude>
    <ClInclude Include="..\..\game_shared\filesystem_utils.h">
      <Filter>Header Files\game_shared</Filter>
    </ClInclude>
    <ClInclude Include="..\..\pm_shared\pm_debug.h">
      <Filter>Header Files\pm_shared</Filter>
    </ClInclude>
    <ClInclude Include="..\..\pm_shared\pm_defs.h">
      <Filter>Header Files\pm_shared</Filter>
    </ClInclude>
    <ClInclude Include="..\..\pm_shared\pm_info.h">
      <Filter>Header Files\pm_shared</Filter>
    </ClInclude>
    <ClInclude Include="..\..\pm_shared\pm_materials.h">
      <Filter>Header Files\pm_shared</Filter>
    </ClInclude>
    <ClInclude Include="..\..\pm_shared\pm_movevars.h">
      <Filter>Header Files\pm_shared</Filter>
    </ClInclude>
    <ClInclude Include="..\..\pm_shared\pm_shared.h">
      <Filter>Header Files\pm_shared</Filter>
    </ClInclude>
    <ClInclude Include="..\..\public\interface.h">
      <Filter>Header Files\public</Filter>
    </ClInclude>
  </ItemGroup>
</Project>